// !$*UTF8*$!
{
	archiveVersion = 1;
	classes = {
	};
	objectVersion = 46;
	objects = {

/* Begin PBXBuildFile section */
		080889F51F666A3900B98E1E /* BaseNavigationController.m in Sources */ = {isa = PBXBuildFile; fileRef = 080889F41F666A3900B98E1E /* BaseNavigationController.m */; };
		080889FC1F666A8A00B98E1E /* BaseTabbarController.m in Sources */ = {isa = PBXBuildFile; fileRef = 080889F71F666A8A00B98E1E /* BaseTabbarController.m */; };
		080889FD1F666A8A00B98E1E /* BaseViewController.m in Sources */ = {isa = PBXBuildFile; fileRef = 080889F91F666A8A00B98E1E /* BaseViewController.m */; };
		080889FE1F666A8A00B98E1E /* BaseViewModel.m in Sources */ = {isa = PBXBuildFile; fileRef = 080889FB1F666A8A00B98E1E /* BaseViewModel.m */; };
		081BD8EC1F5CE206006C16E2 /* main.m in Sources */ = {isa = PBXBuildFile; fileRef = 081BD8EB1F5CE206006C16E2 /* main.m */; };
		081BD8EF1F5CE206006C16E2 /* AppDelegate.m in Sources */ = {isa = PBXBuildFile; fileRef = 081BD8EE1F5CE206006C16E2 /* AppDelegate.m */; };
		081BD8F11F5CE206006C16E2 /* Assets.xcassets in Resources */ = {isa = PBXBuildFile; fileRef = 081BD8F01F5CE206006C16E2 /* Assets.xcassets */; };
		081BD8F41F5CE206006C16E2 /* LaunchScreen.storyboard in Resources */ = {isa = PBXBuildFile; fileRef = 081BD8F21F5CE206006C16E2 /* LaunchScreen.storyboard */; };
		081BD8FF1F5CE206006C16E2 /* MXSecondTests.m in Sources */ = {isa = PBXBuildFile; fileRef = 081BD8FE1F5CE206006C16E2 /* MXSecondTests.m */; };
		081BD90A1F5CE206006C16E2 /* MXSecondUITests.m in Sources */ = {isa = PBXBuildFile; fileRef = 081BD9091F5CE206006C16E2 /* MXSecondUITests.m */; };
		0887234F20F6F41900C8BA5D /* WebManager.m in Sources */ = {isa = PBXBuildFile; fileRef = 0887234820F6F41800C8BA5D /* WebManager.m */; };
		0887235920F6FAD400C8BA5D /* BannerScrollView.m in Sources */ = {isa = PBXBuildFile; fileRef = 0887235520F6FAD400C8BA5D /* BannerScrollView.m */; };
		0887235A20F6FAD400C8BA5D /* JJPageControlView.m in Sources */ = {isa = PBXBuildFile; fileRef = 0887235620F6FAD400C8BA5D /* JJPageControlView.m */; };
		0887236920F6FADA00C8BA5D /* UITableView+HD_NoList.m in Sources */ = {isa = PBXBuildFile; fileRef = 0887235C20F6FADA00C8BA5D /* UITableView+HD_NoList.m */; };
		0887236A20F6FADA00C8BA5D /* icon_noting_face@2x.png in Resources */ = {isa = PBXBuildFile; fileRef = 0887235D20F6FADA00C8BA5D /* icon_noting_face@2x.png */; };
		0887236C20F6FADA00C8BA5D /* JJRefreshTabView.m in Sources */ = {isa = PBXBuildFile; fileRef = 0887235F20F6FADA00C8BA5D /* JJRefreshTabView.m */; };
		0887236D20F6FADA00C8BA5D /* UICollectionView+NoList.m in Sources */ = {isa = PBXBuildFile; fileRef = 0887236120F6FADA00C8BA5D /* UICollectionView+NoList.m */; };
		0887236F20F6FADA00C8BA5D /* LLRefreshCollectionView.m in Sources */ = {isa = PBXBuildFile; fileRef = 0887236820F6FADA00C8BA5D /* LLRefreshCollectionView.m */; };
		0887237320F6FADF00C8BA5D /* SliderNavBar.m in Sources */ = {isa = PBXBuildFile; fileRef = 0887237120F6FADF00C8BA5D /* SliderNavBar.m */; };
		0887238520F72E1000C8BA5D /* LJMatchListViewController.m in Sources */ = {isa = PBXBuildFile; fileRef = 0887238320F72E1000C8BA5D /* LJMatchListViewController.m */; };
		0887238620F72E1000C8BA5D /* LJMatchListViewController.xib in Resources */ = {isa = PBXBuildFile; fileRef = 0887238420F72E1000C8BA5D /* LJMatchListViewController.xib */; };
		0887238B20F72F5800C8BA5D /* LJMatchScoreCell.m in Sources */ = {isa = PBXBuildFile; fileRef = 0887238920F72F5800C8BA5D /* LJMatchScoreCell.m */; };
		0887238C20F72F5800C8BA5D /* LJMatchScoreCell.xib in Resources */ = {isa = PBXBuildFile; fileRef = 0887238A20F72F5800C8BA5D /* LJMatchScoreCell.xib */; };
		0887239020F72F7300C8BA5D /* LJMatchRecordCell.m in Sources */ = {isa = PBXBuildFile; fileRef = 0887238E20F72F7300C8BA5D /* LJMatchRecordCell.m */; };
		0887239120F72F7300C8BA5D /* LJMatchRecordCell.xib in Resources */ = {isa = PBXBuildFile; fileRef = 0887238F20F72F7300C8BA5D /* LJMatchRecordCell.xib */; };
		0887239520F72FEE00C8BA5D /* LJMatchScoreModel.m in Sources */ = {isa = PBXBuildFile; fileRef = 0887239420F72FEE00C8BA5D /* LJMatchScoreModel.m */; };
		0887239920F742F700C8BA5D /* LJMatchGoalCell.m in Sources */ = {isa = PBXBuildFile; fileRef = 0887239720F742F700C8BA5D /* LJMatchGoalCell.m */; };
		0887239A20F742F700C8BA5D /* LJMatchGoalCell.xib in Resources */ = {isa = PBXBuildFile; fileRef = 0887239820F742F700C8BA5D /* LJMatchGoalCell.xib */; };
		0887239D20F75C3600C8BA5D /* LJMatchRecordModel.m in Sources */ = {isa = PBXBuildFile; fileRef = 0887239C20F75C3600C8BA5D /* LJMatchRecordModel.m */; };
		088723A320F75CC400C8BA5D /* LJMatchGoalModel.m in Sources */ = {isa = PBXBuildFile; fileRef = 088723A220F75CC400C8BA5D /* LJMatchGoalModel.m */; };
		088723A620F75CE100C8BA5D /* LJMatchAssistModel.m in Sources */ = {isa = PBXBuildFile; fileRef = 088723A520F75CE100C8BA5D /* LJMatchAssistModel.m */; };
		088723AA20F75D7300C8BA5D /* LJMatchAssistCell.m in Sources */ = {isa = PBXBuildFile; fileRef = 088723A820F75D7300C8BA5D /* LJMatchAssistCell.m */; };
		088723AB20F75D7300C8BA5D /* LJMatchAssistCell.xib in Resources */ = {isa = PBXBuildFile; fileRef = 088723A920F75D7300C8BA5D /* LJMatchAssistCell.xib */; };
		088C199020FC96C200F4640F /* PersonDataManager.m in Sources */ = {isa = PBXBuildFile; fileRef = 088C198E20FC96C200F4640F /* PersonDataManager.m */; };
		088C199420FC970F00F4640F /* AccountViewController.xib in Resources */ = {isa = PBXBuildFile; fileRef = 088C199120FC970F00F4640F /* AccountViewController.xib */; };
		088C199520FC970F00F4640F /* AccountViewController.m in Sources */ = {isa = PBXBuildFile; fileRef = 088C199220FC970F00F4640F /* AccountViewController.m */; };
		088C199820FC971700F4640F /* InputViewController.m in Sources */ = {isa = PBXBuildFile; fileRef = 088C199620FC971700F4640F /* InputViewController.m */; };
		088C19A620FC9C9F00F4640F /* User.m in Sources */ = {isa = PBXBuildFile; fileRef = 088C199A20FC9C9F00F4640F /* User.m */; };
		088C19A720FC9C9F00F4640F /* MyHeaderCell.xib in Resources */ = {isa = PBXBuildFile; fileRef = 088C199D20FC9C9F00F4640F /* MyHeaderCell.xib */; };
		088C19A820FC9C9F00F4640F /* MyCell.xib in Resources */ = {isa = PBXBuildFile; fileRef = 088C199E20FC9C9F00F4640F /* MyCell.xib */; };
		088C19A920FC9C9F00F4640F /* MyHeaderCell.m in Sources */ = {isa = PBXBuildFile; fileRef = 088C199F20FC9C9F00F4640F /* MyHeaderCell.m */; };
		088C19AA20FC9C9F00F4640F /* AccountCell.m in Sources */ = {isa = PBXBuildFile; fileRef = 088C19A020FC9C9F00F4640F /* AccountCell.m */; };
		088C19AB20FC9C9F00F4640F /* AccountCell.xib in Resources */ = {isa = PBXBuildFile; fileRef = 088C19A220FC9C9F00F4640F /* AccountCell.xib */; };
		088C19AC20FC9C9F00F4640F /* MyCell.m in Sources */ = {isa = PBXBuildFile; fileRef = 088C19A420FC9C9F00F4640F /* MyCell.m */; };
		088C19AE20FD8BB300F4640F /* *.qiuyoule.com.cer in Resources */ = {isa = PBXBuildFile; fileRef = 088C19AD20FD8BB300F4640F /* *.qiuyoule.com.cer */; };
		088C19B520FD9A1100F4640F /* GuideView.m in Sources */ = {isa = PBXBuildFile; fileRef = 088C19B420FD9A1100F4640F /* GuideView.m */; };
		088C19B820FD9B7D00F4640F /* UIImage+Category.m in Sources */ = {isa = PBXBuildFile; fileRef = 088C19B720FD9B7D00F4640F /* UIImage+Category.m */; };
		08B121C520F85A5C006478B1 /* SuccessData.m in Sources */ = {isa = PBXBuildFile; fileRef = 08B121C420F85A5C006478B1 /* SuccessData.m */; };
		08B121C920F89B16006478B1 /* WKViewController.m in Sources */ = {isa = PBXBuildFile; fileRef = 08B121C720F89B16006478B1 /* WKViewController.m */; };
		08B121F920F8A8A9006478B1 /* ResetPasswdViewController.xib in Resources */ = {isa = PBXBuildFile; fileRef = 08B121E920F8A8A9006478B1 /* ResetPasswdViewController.xib */; };
		08B121FA20F8A8A9006478B1 /* LoginViewController.m in Sources */ = {isa = PBXBuildFile; fileRef = 08B121EA20F8A8A9006478B1 /* LoginViewController.m */; };
		08B121FB20F8A8A9006478B1 /* RegisterViewController.m in Sources */ = {isa = PBXBuildFile; fileRef = 08B121EB20F8A8A9006478B1 /* RegisterViewController.m */; };
		08B121FC20F8A8A9006478B1 /* ResetPasswdViewController.m in Sources */ = {isa = PBXBuildFile; fileRef = 08B121EC20F8A8A9006478B1 /* ResetPasswdViewController.m */; };
		08B121FD20F8A8A9006478B1 /* RegisterViewController.xib in Resources */ = {isa = PBXBuildFile; fileRef = 08B121ED20F8A8A9006478B1 /* RegisterViewController.xib */; };
		08B121FE20F8A8A9006478B1 /* LoginViewController.xib in Resources */ = {isa = PBXBuildFile; fileRef = 08B121EE20F8A8A9006478B1 /* LoginViewController.xib */; };
		08B121FF20F8A8A9006478B1 /* LoginModel.m in Sources */ = {isa = PBXBuildFile; fileRef = 08B121F220F8A8A9006478B1 /* LoginModel.m */; };
		08B1220020F8A8A9006478B1 /* JProtocol.m in Sources */ = {isa = PBXBuildFile; fileRef = 08B121F320F8A8A9006478B1 /* JProtocol.m */; };
		08B1220120F8A8A9006478B1 /* CountDownButton.m in Sources */ = {isa = PBXBuildFile; fileRef = 08B121F720F8A8A9006478B1 /* CountDownButton.m */; };
		08B1220420F8A9DD006478B1 /* NSString+MD5.m in Sources */ = {isa = PBXBuildFile; fileRef = 08B1220220F8A9DD006478B1 /* NSString+MD5.m */; };
		08B1220720F8AC12006478B1 /* LSLJSuccessData.m in Sources */ = {isa = PBXBuildFile; fileRef = 08B1220520F8AC11006478B1 /* LSLJSuccessData.m */; };
		08B32E6C206491C600B0D57C /* SystemConfiguration.framework in Frameworks */ = {isa = PBXBuildFile; fileRef = 08B32E6B206491C600B0D57C /* SystemConfiguration.framework */; };
		08B32E6E206491CE00B0D57C /* CoreTelephony.framework in Frameworks */ = {isa = PBXBuildFile; fileRef = 08B32E6D206491CE00B0D57C /* CoreTelephony.framework */; };
		08B32E70206491DE00B0D57C /* libsqlite3.0.tbd in Frameworks */ = {isa = PBXBuildFile; fileRef = 08B32E6F206491DE00B0D57C /* libsqlite3.0.tbd */; };
		08B32E72206491EC00B0D57C /* libstdc++.tbd in Frameworks */ = {isa = PBXBuildFile; fileRef = 08B32E71206491EC00B0D57C /* libstdc++.tbd */; };
		08B32E74206491F400B0D57C /* libz.tbd in Frameworks */ = {isa = PBXBuildFile; fileRef = 08B32E73206491F400B0D57C /* libz.tbd */; };
		08CB0BFC1F6FC2AC008D6D96 /* LJUtil.m in Sources */ = {isa = PBXBuildFile; fileRef = 08CB0BF91F6FC2AC008D6D96 /* LJUtil.m */; };
		08CB0BFD1F6FC2AC008D6D96 /* UIView+Extension.m in Sources */ = {isa = PBXBuildFile; fileRef = 08CB0BFB1F6FC2AC008D6D96 /* UIView+Extension.m */; };
		3D0B26732100984F000F62D2 /* libPods-MXSecond.a in Frameworks */ = {isa = PBXBuildFile; fileRef = 3D0B26722100984F000F62D2 /* libPods-MXSecond.a */; };
		3D4E74B020F706B00058EC22 /* XFHomeViewController.m in Sources */ = {isa = PBXBuildFile; fileRef = 3D4E74AF20F706B00058EC22 /* XFHomeViewController.m */; };
		3D4E74B520F71B3A0058EC22 /* XFNewSViewController.m in Sources */ = {isa = PBXBuildFile; fileRef = 3D4E74B320F71B3A0058EC22 /* XFNewSViewController.m */; };
		3D4E74B620F71B3A0058EC22 /* XFNewSViewController.xib in Resources */ = {isa = PBXBuildFile; fileRef = 3D4E74B420F71B3A0058EC22 /* XFNewSViewController.xib */; };
		3D4E74C320F71C200058EC22 /* XFMatchViewController.m in Sources */ = {isa = PBXBuildFile; fileRef = 3D4E74C220F71C200058EC22 /* XFMatchViewController.m */; };
		3D4E74C620F71C360058EC22 /* XFMyViewController.m in Sources */ = {isa = PBXBuildFile; fileRef = 3D4E74C520F71C360058EC22 /* XFMyViewController.m */; };
		3D4E74CA20F72E970058EC22 /* XFFastNewViewController.m in Sources */ = {isa = PBXBuildFile; fileRef = 3D4E74C820F72E970058EC22 /* XFFastNewViewController.m */; };
		3D4E74CB20F72E970058EC22 /* XFFastNewViewController.xib in Resources */ = {isa = PBXBuildFile; fileRef = 3D4E74C920F72E970058EC22 /* XFFastNewViewController.xib */; };
		3D4E74CF20F72EA50058EC22 /* XFVideoViewController.m in Sources */ = {isa = PBXBuildFile; fileRef = 3D4E74CD20F72EA50058EC22 /* XFVideoViewController.m */; };
		3D4E74D020F72EA50058EC22 /* XFVideoViewController.xib in Resources */ = {isa = PBXBuildFile; fileRef = 3D4E74CE20F72EA50058EC22 /* XFVideoViewController.xib */; };
		3D4E74D420F72EB70058EC22 /* XFPhotosViewController.m in Sources */ = {isa = PBXBuildFile; fileRef = 3D4E74D220F72EB70058EC22 /* XFPhotosViewController.m */; };
		3D4E74D520F72EB70058EC22 /* XFPhotosViewController.xib in Resources */ = {isa = PBXBuildFile; fileRef = 3D4E74D320F72EB70058EC22 /* XFPhotosViewController.xib */; };
		3D4E74D920F72EC70058EC22 /* XFWallPageViewController.m in Sources */ = {isa = PBXBuildFile; fileRef = 3D4E74D720F72EC70058EC22 /* XFWallPageViewController.m */; };
		3D4E74DA20F72EC70058EC22 /* XFWallPageViewController.xib in Resources */ = {isa = PBXBuildFile; fileRef = 3D4E74D820F72EC70058EC22 /* XFWallPageViewController.xib */; };
		3D4E74DE20F72ED80058EC22 /* XFOssianViewController.m in Sources */ = {isa = PBXBuildFile; fileRef = 3D4E74DC20F72ED80058EC22 /* XFOssianViewController.m */; };
		3D4E74DF20F72ED80058EC22 /* XFOssianViewController.xib in Resources */ = {isa = PBXBuildFile; fileRef = 3D4E74DD20F72ED80058EC22 /* XFOssianViewController.xib */; };
		3D4E74E620F742B30058EC22 /* XFBaseViewCell.m in Sources */ = {isa = PBXBuildFile; fileRef = 3D4E74E420F742B30058EC22 /* XFBaseViewCell.m */; };
		3D4E74E720F742B30058EC22 /* XFBaseViewCell.xib in Resources */ = {isa = PBXBuildFile; fileRef = 3D4E74E520F742B30058EC22 /* XFBaseViewCell.xib */; };
		3D4E74EB20F870800058EC22 /* XFPhotoCollectionViewCell.m in Sources */ = {isa = PBXBuildFile; fileRef = 3D4E74E920F870800058EC22 /* XFPhotoCollectionViewCell.m */; };
		3D4E74EC20F870800058EC22 /* XFPhotoCollectionViewCell.xib in Resources */ = {isa = PBXBuildFile; fileRef = 3D4E74EA20F870800058EC22 /* XFPhotoCollectionViewCell.xib */; };
		3D4E74EF20F878290058EC22 /* XFNewsModel.m in Sources */ = {isa = PBXBuildFile; fileRef = 3D4E74EE20F878290058EC22 /* XFNewsModel.m */; };
		3DBB926A20FC827500BFBC14 /* XFNewDetailViewController.m in Sources */ = {isa = PBXBuildFile; fileRef = 3DBB926920FC827500BFBC14 /* XFNewDetailViewController.m */; };
		3DBB932720FD9DFE00BFBC14 /* XFMatchInfoViewController.m in Sources */ = {isa = PBXBuildFile; fileRef = 3DBB930720FD9DFE00BFBC14 /* XFMatchInfoViewController.m */; };
		3DBB932820FD9DFE00BFBC14 /* XFMatchInfoViewController.xib in Resources */ = {isa = PBXBuildFile; fileRef = 3DBB930820FD9DFE00BFBC14 /* XFMatchInfoViewController.xib */; };
		3DBB932B20FD9DFE00BFBC14 /* XFMatchListModel.m in Sources */ = {isa = PBXBuildFile; fileRef = 3DBB931120FD9DFE00BFBC14 /* XFMatchListModel.m */; };
		3DBB932C20FD9DFE00BFBC14 /* XFScoreModel.m in Sources */ = {isa = PBXBuildFile; fileRef = 3DBB931220FD9DFE00BFBC14 /* XFScoreModel.m */; };
		3DBB932D20FD9DFE00BFBC14 /* XFMatchInfoModel.m in Sources */ = {isa = PBXBuildFile; fileRef = 3DBB931320FD9DFE00BFBC14 /* XFMatchInfoModel.m */; };
		3DBB932E20FD9DFE00BFBC14 /* XFBattleModel.m in Sources */ = {isa = PBXBuildFile; fileRef = 3DBB931520FD9DFE00BFBC14 /* XFBattleModel.m */; };
		3DBB932F20FD9DFE00BFBC14 /* XFMatchRateModel.m in Sources */ = {isa = PBXBuildFile; fileRef = 3DBB931620FD9DFE00BFBC14 /* XFMatchRateModel.m */; };
		3DBB933020FD9DFE00BFBC14 /* XFVSEventModel.m in Sources */ = {isa = PBXBuildFile; fileRef = 3DBB931920FD9DFE00BFBC14 /* XFVSEventModel.m */; };
		3DBB933120FD9DFE00BFBC14 /* XFMatchInfoCell.xib in Resources */ = {isa = PBXBuildFile; fileRef = 3DBB931D20FD9DFE00BFBC14 /* XFMatchInfoCell.xib */; };
		3DBB933220FD9DFE00BFBC14 /* XFMatchInfoCell.m in Sources */ = {isa = PBXBuildFile; fileRef = 3DBB931E20FD9DFE00BFBC14 /* XFMatchInfoCell.m */; };
		3DBB933320FD9DFE00BFBC14 /* XFMacthListCell.m in Sources */ = {isa = PBXBuildFile; fileRef = 3DBB931F20FD9DFE00BFBC14 /* XFMacthListCell.m */; };
		3DBB933420FD9DFE00BFBC14 /* XFMacthListCell.xib in Resources */ = {isa = PBXBuildFile; fileRef = 3DBB932120FD9DFE00BFBC14 /* XFMacthListCell.xib */; };
		3DBB933720FD9E4000BFBC14 /* XFMatchListViewController.m in Sources */ = {isa = PBXBuildFile; fileRef = 3DBB933620FD9E4000BFBC14 /* XFMatchListViewController.m */; };
		3DBB933B20FD9E7300BFBC14 /* XFLikeViewController.m in Sources */ = {isa = PBXBuildFile; fileRef = 3DBB933A20FD9E7300BFBC14 /* XFLikeViewController.m */; };
		3DBB933E20FD9EB900BFBC14 /* XFNowViewController.m in Sources */ = {isa = PBXBuildFile; fileRef = 3DBB933D20FD9EB900BFBC14 /* XFNowViewController.m */; };
		3DBB934120FD9EC400BFBC14 /* XFFinishedViewController.m in Sources */ = {isa = PBXBuildFile; fileRef = 3DBB934020FD9EC400BFBC14 /* XFFinishedViewController.m */; };
		3DBB934420FD9ECC00BFBC14 /* XFMiddleViewController.m in Sources */ = {isa = PBXBuildFile; fileRef = 3DBB934320FD9ECC00BFBC14 /* XFMiddleViewController.m */; };
		3DBB934720FDC5B700BFBC14 /* XFTableViewCell.m in Sources */ = {isa = PBXBuildFile; fileRef = 3DBB934620FDC5B600BFBC14 /* XFTableViewCell.m */; };
/* End PBXBuildFile section */

/* Begin PBXContainerItemProxy section */
		081BD8FB1F5CE206006C16E2 /* PBXContainerItemProxy */ = {
			isa = PBXContainerItemProxy;
			containerPortal = 081BD8DF1F5CE206006C16E2 /* Project object */;
			proxyType = 1;
			remoteGlobalIDString = 081BD8E61F5CE206006C16E2;
			remoteInfo = MXSecond;
		};
		081BD9061F5CE206006C16E2 /* PBXContainerItemProxy */ = {
			isa = PBXContainerItemProxy;
			containerPortal = 081BD8DF1F5CE206006C16E2 /* Project object */;
			proxyType = 1;
			remoteGlobalIDString = 081BD8E61F5CE206006C16E2;
			remoteInfo = MXSecond;
		};
/* End PBXContainerItemProxy section */

/* Begin PBXFileReference section */
		080889F31F666A3900B98E1E /* BaseNavigationController.h */ = {isa = PBXFileReference; fileEncoding = 4; lastKnownFileType = sourcecode.c.h; path = BaseNavigationController.h; sourceTree = "<group>"; };
		080889F41F666A3900B98E1E /* BaseNavigationController.m */ = {isa = PBXFileReference; fileEncoding = 4; lastKnownFileType = sourcecode.c.objc; path = BaseNavigationController.m; sourceTree = "<group>"; };
		080889F61F666A8A00B98E1E /* BaseTabbarController.h */ = {isa = PBXFileReference; fileEncoding = 4; lastKnownFileType = sourcecode.c.h; path = BaseTabbarController.h; sourceTree = "<group>"; };
		080889F71F666A8A00B98E1E /* BaseTabbarController.m */ = {isa = PBXFileReference; fileEncoding = 4; lastKnownFileType = sourcecode.c.objc; path = BaseTabbarController.m; sourceTree = "<group>"; };
		080889F81F666A8A00B98E1E /* BaseViewController.h */ = {isa = PBXFileReference; fileEncoding = 4; lastKnownFileType = sourcecode.c.h; path = BaseViewController.h; sourceTree = "<group>"; };
		080889F91F666A8A00B98E1E /* BaseViewController.m */ = {isa = PBXFileReference; fileEncoding = 4; lastKnownFileType = sourcecode.c.objc; path = BaseViewController.m; sourceTree = "<group>"; };
		080889FA1F666A8A00B98E1E /* BaseViewModel.h */ = {isa = PBXFileReference; fileEncoding = 4; lastKnownFileType = sourcecode.c.h; path = BaseViewModel.h; sourceTree = "<group>"; };
		080889FB1F666A8A00B98E1E /* BaseViewModel.m */ = {isa = PBXFileReference; fileEncoding = 4; lastKnownFileType = sourcecode.c.objc; path = BaseViewModel.m; sourceTree = "<group>"; };
		08088A031F666AFA00B98E1E /* zh-Hans */ = {isa = PBXFileReference; lastKnownFileType = text.plist.strings; name = "zh-Hans"; path = "zh-Hans.lproj/LaunchScreen.strings"; sourceTree = "<group>"; };
		081BD8E71F5CE206006C16E2 /* MXSecond.app */ = {isa = PBXFileReference; explicitFileType = wrapper.application; includeInIndex = 0; path = MXSecond.app; sourceTree = BUILT_PRODUCTS_DIR; };
		081BD8EB1F5CE206006C16E2 /* main.m */ = {isa = PBXFileReference; lastKnownFileType = sourcecode.c.objc; path = main.m; sourceTree = "<group>"; };
		081BD8ED1F5CE206006C16E2 /* AppDelegate.h */ = {isa = PBXFileReference; lastKnownFileType = sourcecode.c.h; path = AppDelegate.h; sourceTree = "<group>"; };
		081BD8EE1F5CE206006C16E2 /* AppDelegate.m */ = {isa = PBXFileReference; lastKnownFileType = sourcecode.c.objc; path = AppDelegate.m; sourceTree = "<group>"; };
		081BD8F01F5CE206006C16E2 /* Assets.xcassets */ = {isa = PBXFileReference; lastKnownFileType = folder.assetcatalog; path = Assets.xcassets; sourceTree = "<group>"; };
		081BD8F31F5CE206006C16E2 /* Base */ = {isa = PBXFileReference; lastKnownFileType = file.storyboard; name = Base; path = Base.lproj/LaunchScreen.storyboard; sourceTree = "<group>"; };
		081BD8F51F5CE206006C16E2 /* Info.plist */ = {isa = PBXFileReference; lastKnownFileType = text.plist.xml; path = Info.plist; sourceTree = "<group>"; };
		081BD8FA1F5CE206006C16E2 /* MXSecondTests.xctest */ = {isa = PBXFileReference; explicitFileType = wrapper.cfbundle; includeInIndex = 0; path = MXSecondTests.xctest; sourceTree = BUILT_PRODUCTS_DIR; };
		081BD8FE1F5CE206006C16E2 /* MXSecondTests.m */ = {isa = PBXFileReference; lastKnownFileType = sourcecode.c.objc; path = MXSecondTests.m; sourceTree = "<group>"; };
		081BD9001F5CE206006C16E2 /* Info.plist */ = {isa = PBXFileReference; lastKnownFileType = text.plist.xml; path = Info.plist; sourceTree = "<group>"; };
		081BD9051F5CE206006C16E2 /* MXSecondUITests.xctest */ = {isa = PBXFileReference; explicitFileType = wrapper.cfbundle; includeInIndex = 0; path = MXSecondUITests.xctest; sourceTree = BUILT_PRODUCTS_DIR; };
		081BD9091F5CE206006C16E2 /* MXSecondUITests.m */ = {isa = PBXFileReference; lastKnownFileType = sourcecode.c.objc; path = MXSecondUITests.m; sourceTree = "<group>"; };
		081BD90B1F5CE206006C16E2 /* Info.plist */ = {isa = PBXFileReference; lastKnownFileType = text.plist.xml; path = Info.plist; sourceTree = "<group>"; };
		0887233820F6F41800C8BA5D /* WebManager.h */ = {isa = PBXFileReference; fileEncoding = 4; lastKnownFileType = sourcecode.c.h; path = WebManager.h; sourceTree = "<group>"; };
		0887233920F6F41800C8BA5D /* UrlDefine.h */ = {isa = PBXFileReference; fileEncoding = 4; lastKnownFileType = sourcecode.c.h; path = UrlDefine.h; sourceTree = "<group>"; };
		0887234820F6F41800C8BA5D /* WebManager.m */ = {isa = PBXFileReference; fileEncoding = 4; lastKnownFileType = sourcecode.c.objc; path = WebManager.m; sourceTree = "<group>"; };
		0887235520F6FAD400C8BA5D /* BannerScrollView.m */ = {isa = PBXFileReference; fileEncoding = 4; lastKnownFileType = sourcecode.c.objc; path = BannerScrollView.m; sourceTree = "<group>"; };
		0887235620F6FAD400C8BA5D /* JJPageControlView.m */ = {isa = PBXFileReference; fileEncoding = 4; lastKnownFileType = sourcecode.c.objc; path = JJPageControlView.m; sourceTree = "<group>"; };
		0887235720F6FAD400C8BA5D /* JJPageControlView.h */ = {isa = PBXFileReference; fileEncoding = 4; lastKnownFileType = sourcecode.c.h; path = JJPageControlView.h; sourceTree = "<group>"; };
		0887235820F6FAD400C8BA5D /* BannerScrollView.h */ = {isa = PBXFileReference; fileEncoding = 4; lastKnownFileType = sourcecode.c.h; path = BannerScrollView.h; sourceTree = "<group>"; };
		0887235C20F6FADA00C8BA5D /* UITableView+HD_NoList.m */ = {isa = PBXFileReference; fileEncoding = 4; lastKnownFileType = sourcecode.c.objc; path = "UITableView+HD_NoList.m"; sourceTree = "<group>"; };
		0887235D20F6FADA00C8BA5D /* icon_noting_face@2x.png */ = {isa = PBXFileReference; lastKnownFileType = image.png; path = "icon_noting_face@2x.png"; sourceTree = "<group>"; };
		0887235F20F6FADA00C8BA5D /* JJRefreshTabView.m */ = {isa = PBXFileReference; fileEncoding = 4; lastKnownFileType = sourcecode.c.objc; path = JJRefreshTabView.m; sourceTree = "<group>"; };
		0887236120F6FADA00C8BA5D /* UICollectionView+NoList.m */ = {isa = PBXFileReference; fileEncoding = 4; lastKnownFileType = sourcecode.c.objc; path = "UICollectionView+NoList.m"; sourceTree = "<group>"; };
		0887236220F6FADA00C8BA5D /* LLRefreshCollectionView.h */ = {isa = PBXFileReference; fileEncoding = 4; lastKnownFileType = sourcecode.c.h; path = LLRefreshCollectionView.h; sourceTree = "<group>"; };
		0887236320F6FADA00C8BA5D /* UITableView+HD_NoList.h */ = {isa = PBXFileReference; fileEncoding = 4; lastKnownFileType = sourcecode.c.h; path = "UITableView+HD_NoList.h"; sourceTree = "<group>"; };
		0887236420F6FADA00C8BA5D /* JJRefreshTabView.h */ = {isa = PBXFileReference; fileEncoding = 4; lastKnownFileType = sourcecode.c.h; path = JJRefreshTabView.h; sourceTree = "<group>"; };
		0887236620F6FADA00C8BA5D /* UICollectionView+NoList.h */ = {isa = PBXFileReference; fileEncoding = 4; lastKnownFileType = sourcecode.c.h; path = "UICollectionView+NoList.h"; sourceTree = "<group>"; };
		0887236820F6FADA00C8BA5D /* LLRefreshCollectionView.m */ = {isa = PBXFileReference; fileEncoding = 4; lastKnownFileType = sourcecode.c.objc; path = LLRefreshCollectionView.m; sourceTree = "<group>"; };
		0887237120F6FADF00C8BA5D /* SliderNavBar.m */ = {isa = PBXFileReference; fileEncoding = 4; lastKnownFileType = sourcecode.c.objc; path = SliderNavBar.m; sourceTree = "<group>"; };
		0887237220F6FADF00C8BA5D /* SliderNavBar.h */ = {isa = PBXFileReference; fileEncoding = 4; lastKnownFileType = sourcecode.c.h; path = SliderNavBar.h; sourceTree = "<group>"; };
		0887238220F72E1000C8BA5D /* LJMatchListViewController.h */ = {isa = PBXFileReference; lastKnownFileType = sourcecode.c.h; path = LJMatchListViewController.h; sourceTree = "<group>"; };
		0887238320F72E1000C8BA5D /* LJMatchListViewController.m */ = {isa = PBXFileReference; lastKnownFileType = sourcecode.c.objc; path = LJMatchListViewController.m; sourceTree = "<group>"; };
		0887238420F72E1000C8BA5D /* LJMatchListViewController.xib */ = {isa = PBXFileReference; lastKnownFileType = file.xib; path = LJMatchListViewController.xib; sourceTree = "<group>"; };
		0887238820F72F5800C8BA5D /* LJMatchScoreCell.h */ = {isa = PBXFileReference; lastKnownFileType = sourcecode.c.h; path = LJMatchScoreCell.h; sourceTree = "<group>"; };
		0887238920F72F5800C8BA5D /* LJMatchScoreCell.m */ = {isa = PBXFileReference; lastKnownFileType = sourcecode.c.objc; path = LJMatchScoreCell.m; sourceTree = "<group>"; };
		0887238A20F72F5800C8BA5D /* LJMatchScoreCell.xib */ = {isa = PBXFileReference; lastKnownFileType = file.xib; path = LJMatchScoreCell.xib; sourceTree = "<group>"; };
		0887238D20F72F7300C8BA5D /* LJMatchRecordCell.h */ = {isa = PBXFileReference; lastKnownFileType = sourcecode.c.h; path = LJMatchRecordCell.h; sourceTree = "<group>"; };
		0887238E20F72F7300C8BA5D /* LJMatchRecordCell.m */ = {isa = PBXFileReference; lastKnownFileType = sourcecode.c.objc; path = LJMatchRecordCell.m; sourceTree = "<group>"; };
		0887238F20F72F7300C8BA5D /* LJMatchRecordCell.xib */ = {isa = PBXFileReference; lastKnownFileType = file.xib; path = LJMatchRecordCell.xib; sourceTree = "<group>"; };
		0887239320F72FEE00C8BA5D /* LJMatchScoreModel.h */ = {isa = PBXFileReference; lastKnownFileType = sourcecode.c.h; path = LJMatchScoreModel.h; sourceTree = "<group>"; };
		0887239420F72FEE00C8BA5D /* LJMatchScoreModel.m */ = {isa = PBXFileReference; lastKnownFileType = sourcecode.c.objc; path = LJMatchScoreModel.m; sourceTree = "<group>"; };
		0887239620F742F700C8BA5D /* LJMatchGoalCell.h */ = {isa = PBXFileReference; lastKnownFileType = sourcecode.c.h; path = LJMatchGoalCell.h; sourceTree = "<group>"; };
		0887239720F742F700C8BA5D /* LJMatchGoalCell.m */ = {isa = PBXFileReference; lastKnownFileType = sourcecode.c.objc; path = LJMatchGoalCell.m; sourceTree = "<group>"; };
		0887239820F742F700C8BA5D /* LJMatchGoalCell.xib */ = {isa = PBXFileReference; lastKnownFileType = file.xib; path = LJMatchGoalCell.xib; sourceTree = "<group>"; };
		0887239B20F75C3600C8BA5D /* LJMatchRecordModel.h */ = {isa = PBXFileReference; lastKnownFileType = sourcecode.c.h; path = LJMatchRecordModel.h; sourceTree = "<group>"; };
		0887239C20F75C3600C8BA5D /* LJMatchRecordModel.m */ = {isa = PBXFileReference; lastKnownFileType = sourcecode.c.objc; path = LJMatchRecordModel.m; sourceTree = "<group>"; };
		088723A120F75CC400C8BA5D /* LJMatchGoalModel.h */ = {isa = PBXFileReference; lastKnownFileType = sourcecode.c.h; path = LJMatchGoalModel.h; sourceTree = "<group>"; };
		088723A220F75CC400C8BA5D /* LJMatchGoalModel.m */ = {isa = PBXFileReference; lastKnownFileType = sourcecode.c.objc; path = LJMatchGoalModel.m; sourceTree = "<group>"; };
		088723A420F75CE100C8BA5D /* LJMatchAssistModel.h */ = {isa = PBXFileReference; lastKnownFileType = sourcecode.c.h; path = LJMatchAssistModel.h; sourceTree = "<group>"; };
		088723A520F75CE100C8BA5D /* LJMatchAssistModel.m */ = {isa = PBXFileReference; lastKnownFileType = sourcecode.c.objc; path = LJMatchAssistModel.m; sourceTree = "<group>"; };
		088723A720F75D7300C8BA5D /* LJMatchAssistCell.h */ = {isa = PBXFileReference; lastKnownFileType = sourcecode.c.h; path = LJMatchAssistCell.h; sourceTree = "<group>"; };
		088723A820F75D7300C8BA5D /* LJMatchAssistCell.m */ = {isa = PBXFileReference; lastKnownFileType = sourcecode.c.objc; path = LJMatchAssistCell.m; sourceTree = "<group>"; };
		088723A920F75D7300C8BA5D /* LJMatchAssistCell.xib */ = {isa = PBXFileReference; lastKnownFileType = file.xib; path = LJMatchAssistCell.xib; sourceTree = "<group>"; };
		088C198E20FC96C200F4640F /* PersonDataManager.m */ = {isa = PBXFileReference; fileEncoding = 4; lastKnownFileType = sourcecode.c.objc; path = PersonDataManager.m; sourceTree = "<group>"; };
		088C198F20FC96C200F4640F /* PersonDataManager.h */ = {isa = PBXFileReference; fileEncoding = 4; lastKnownFileType = sourcecode.c.h; path = PersonDataManager.h; sourceTree = "<group>"; };
		088C199120FC970F00F4640F /* AccountViewController.xib */ = {isa = PBXFileReference; fileEncoding = 4; lastKnownFileType = file.xib; path = AccountViewController.xib; sourceTree = "<group>"; };
		088C199220FC970F00F4640F /* AccountViewController.m */ = {isa = PBXFileReference; fileEncoding = 4; lastKnownFileType = sourcecode.c.objc; path = AccountViewController.m; sourceTree = "<group>"; };
		088C199320FC970F00F4640F /* AccountViewController.h */ = {isa = PBXFileReference; fileEncoding = 4; lastKnownFileType = sourcecode.c.h; path = AccountViewController.h; sourceTree = "<group>"; };
		088C199620FC971700F4640F /* InputViewController.m */ = {isa = PBXFileReference; fileEncoding = 4; lastKnownFileType = sourcecode.c.objc; path = InputViewController.m; sourceTree = "<group>"; };
		088C199720FC971700F4640F /* InputViewController.h */ = {isa = PBXFileReference; fileEncoding = 4; lastKnownFileType = sourcecode.c.h; path = InputViewController.h; sourceTree = "<group>"; };
		088C199A20FC9C9F00F4640F /* User.m */ = {isa = PBXFileReference; fileEncoding = 4; lastKnownFileType = sourcecode.c.objc; path = User.m; sourceTree = "<group>"; };
		088C199B20FC9C9F00F4640F /* User.h */ = {isa = PBXFileReference; fileEncoding = 4; lastKnownFileType = sourcecode.c.h; path = User.h; sourceTree = "<group>"; };
		088C199D20FC9C9F00F4640F /* MyHeaderCell.xib */ = {isa = PBXFileReference; fileEncoding = 4; lastKnownFileType = file.xib; path = MyHeaderCell.xib; sourceTree = "<group>"; };
		088C199E20FC9C9F00F4640F /* MyCell.xib */ = {isa = PBXFileReference; fileEncoding = 4; lastKnownFileType = file.xib; path = MyCell.xib; sourceTree = "<group>"; };
		088C199F20FC9C9F00F4640F /* MyHeaderCell.m */ = {isa = PBXFileReference; fileEncoding = 4; lastKnownFileType = sourcecode.c.objc; path = MyHeaderCell.m; sourceTree = "<group>"; };
		088C19A020FC9C9F00F4640F /* AccountCell.m */ = {isa = PBXFileReference; fileEncoding = 4; lastKnownFileType = sourcecode.c.objc; path = AccountCell.m; sourceTree = "<group>"; };
		088C19A120FC9C9F00F4640F /* MyCell.h */ = {isa = PBXFileReference; fileEncoding = 4; lastKnownFileType = sourcecode.c.h; path = MyCell.h; sourceTree = "<group>"; };
		088C19A220FC9C9F00F4640F /* AccountCell.xib */ = {isa = PBXFileReference; fileEncoding = 4; lastKnownFileType = file.xib; path = AccountCell.xib; sourceTree = "<group>"; };
		088C19A320FC9C9F00F4640F /* MyHeaderCell.h */ = {isa = PBXFileReference; fileEncoding = 4; lastKnownFileType = sourcecode.c.h; path = MyHeaderCell.h; sourceTree = "<group>"; };
		088C19A420FC9C9F00F4640F /* MyCell.m */ = {isa = PBXFileReference; fileEncoding = 4; lastKnownFileType = sourcecode.c.objc; path = MyCell.m; sourceTree = "<group>"; };
		088C19A520FC9C9F00F4640F /* AccountCell.h */ = {isa = PBXFileReference; fileEncoding = 4; lastKnownFileType = sourcecode.c.h; path = AccountCell.h; sourceTree = "<group>"; };
		088C19AD20FD8BB300F4640F /* *.qiuyoule.com.cer */ = {isa = PBXFileReference; lastKnownFileType = file; path = "*.qiuyoule.com.cer"; sourceTree = "<group>"; };
		088C19B320FD9A1100F4640F /* GuideView.h */ = {isa = PBXFileReference; lastKnownFileType = sourcecode.c.h; path = GuideView.h; sourceTree = "<group>"; };
		088C19B420FD9A1100F4640F /* GuideView.m */ = {isa = PBXFileReference; lastKnownFileType = sourcecode.c.objc; path = GuideView.m; sourceTree = "<group>"; };
		088C19B620FD9B7D00F4640F /* UIImage+Category.h */ = {isa = PBXFileReference; fileEncoding = 4; lastKnownFileType = sourcecode.c.h; path = "UIImage+Category.h"; sourceTree = "<group>"; };
		088C19B720FD9B7D00F4640F /* UIImage+Category.m */ = {isa = PBXFileReference; fileEncoding = 4; lastKnownFileType = sourcecode.c.objc; path = "UIImage+Category.m"; sourceTree = "<group>"; };
		08B121C320F85A5C006478B1 /* SuccessData.h */ = {isa = PBXFileReference; lastKnownFileType = sourcecode.c.h; path = SuccessData.h; sourceTree = "<group>"; };
		08B121C420F85A5C006478B1 /* SuccessData.m */ = {isa = PBXFileReference; lastKnownFileType = sourcecode.c.objc; path = SuccessData.m; sourceTree = "<group>"; };
		08B121C620F85ACD006478B1 /* ModelHeader.h */ = {isa = PBXFileReference; lastKnownFileType = sourcecode.c.h; path = ModelHeader.h; sourceTree = "<group>"; };
		08B121C720F89B16006478B1 /* WKViewController.m */ = {isa = PBXFileReference; fileEncoding = 4; lastKnownFileType = sourcecode.c.objc; path = WKViewController.m; sourceTree = "<group>"; };
		08B121C820F89B16006478B1 /* WKViewController.h */ = {isa = PBXFileReference; fileEncoding = 4; lastKnownFileType = sourcecode.c.h; path = WKViewController.h; sourceTree = "<group>"; };
		08B121E820F8A8A9006478B1 /* ResetPasswdViewController.h */ = {isa = PBXFileReference; fileEncoding = 4; lastKnownFileType = sourcecode.c.h; path = ResetPasswdViewController.h; sourceTree = "<group>"; };
		08B121E920F8A8A9006478B1 /* ResetPasswdViewController.xib */ = {isa = PBXFileReference; fileEncoding = 4; lastKnownFileType = file.xib; path = ResetPasswdViewController.xib; sourceTree = "<group>"; };
		08B121EA20F8A8A9006478B1 /* LoginViewController.m */ = {isa = PBXFileReference; fileEncoding = 4; lastKnownFileType = sourcecode.c.objc; path = LoginViewController.m; sourceTree = "<group>"; };
		08B121EB20F8A8A9006478B1 /* RegisterViewController.m */ = {isa = PBXFileReference; fileEncoding = 4; lastKnownFileType = sourcecode.c.objc; path = RegisterViewController.m; sourceTree = "<group>"; };
		08B121EC20F8A8A9006478B1 /* ResetPasswdViewController.m */ = {isa = PBXFileReference; fileEncoding = 4; lastKnownFileType = sourcecode.c.objc; path = ResetPasswdViewController.m; sourceTree = "<group>"; };
		08B121ED20F8A8A9006478B1 /* RegisterViewController.xib */ = {isa = PBXFileReference; fileEncoding = 4; lastKnownFileType = file.xib; path = RegisterViewController.xib; sourceTree = "<group>"; };
		08B121EE20F8A8A9006478B1 /* LoginViewController.xib */ = {isa = PBXFileReference; fileEncoding = 4; lastKnownFileType = file.xib; path = LoginViewController.xib; sourceTree = "<group>"; };
		08B121EF20F8A8A9006478B1 /* LoginViewController.h */ = {isa = PBXFileReference; fileEncoding = 4; lastKnownFileType = sourcecode.c.h; path = LoginViewController.h; sourceTree = "<group>"; };
		08B121F020F8A8A9006478B1 /* RegisterViewController.h */ = {isa = PBXFileReference; fileEncoding = 4; lastKnownFileType = sourcecode.c.h; path = RegisterViewController.h; sourceTree = "<group>"; };
		08B121F220F8A8A9006478B1 /* LoginModel.m */ = {isa = PBXFileReference; fileEncoding = 4; lastKnownFileType = sourcecode.c.objc; path = LoginModel.m; sourceTree = "<group>"; };
		08B121F320F8A8A9006478B1 /* JProtocol.m */ = {isa = PBXFileReference; fileEncoding = 4; lastKnownFileType = sourcecode.c.objc; path = JProtocol.m; sourceTree = "<group>"; };
		08B121F420F8A8A9006478B1 /* LoginModel.h */ = {isa = PBXFileReference; fileEncoding = 4; lastKnownFileType = sourcecode.c.h; path = LoginModel.h; sourceTree = "<group>"; };
		08B121F520F8A8A9006478B1 /* JProtocol.h */ = {isa = PBXFileReference; fileEncoding = 4; lastKnownFileType = sourcecode.c.h; path = JProtocol.h; sourceTree = "<group>"; };
		08B121F720F8A8A9006478B1 /* CountDownButton.m */ = {isa = PBXFileReference; fileEncoding = 4; lastKnownFileType = sourcecode.c.objc; path = CountDownButton.m; sourceTree = "<group>"; };
		08B121F820F8A8A9006478B1 /* CountDownButton.h */ = {isa = PBXFileReference; fileEncoding = 4; lastKnownFileType = sourcecode.c.h; path = CountDownButton.h; sourceTree = "<group>"; };
		08B1220220F8A9DD006478B1 /* NSString+MD5.m */ = {isa = PBXFileReference; fileEncoding = 4; lastKnownFileType = sourcecode.c.objc; path = "NSString+MD5.m"; sourceTree = "<group>"; };
		08B1220320F8A9DD006478B1 /* NSString+MD5.h */ = {isa = PBXFileReference; fileEncoding = 4; lastKnownFileType = sourcecode.c.h; path = "NSString+MD5.h"; sourceTree = "<group>"; };
		08B1220520F8AC11006478B1 /* LSLJSuccessData.m */ = {isa = PBXFileReference; fileEncoding = 4; lastKnownFileType = sourcecode.c.objc; path = LSLJSuccessData.m; sourceTree = "<group>"; };
		08B1220620F8AC12006478B1 /* LSLJSuccessData.h */ = {isa = PBXFileReference; fileEncoding = 4; lastKnownFileType = sourcecode.c.h; path = LSLJSuccessData.h; sourceTree = "<group>"; };
		08B32E6B206491C600B0D57C /* SystemConfiguration.framework */ = {isa = PBXFileReference; lastKnownFileType = wrapper.framework; name = SystemConfiguration.framework; path = System/Library/Frameworks/SystemConfiguration.framework; sourceTree = SDKROOT; };
		08B32E6D206491CE00B0D57C /* CoreTelephony.framework */ = {isa = PBXFileReference; lastKnownFileType = wrapper.framework; name = CoreTelephony.framework; path = System/Library/Frameworks/CoreTelephony.framework; sourceTree = SDKROOT; };
		08B32E6F206491DE00B0D57C /* libsqlite3.0.tbd */ = {isa = PBXFileReference; lastKnownFileType = "sourcecode.text-based-dylib-definition"; name = libsqlite3.0.tbd; path = usr/lib/libsqlite3.0.tbd; sourceTree = SDKROOT; };
		08B32E71206491EC00B0D57C /* libstdc++.tbd */ = {isa = PBXFileReference; lastKnownFileType = "sourcecode.text-based-dylib-definition"; name = "libstdc++.tbd"; path = "usr/lib/libstdc++.tbd"; sourceTree = SDKROOT; };
		08B32E73206491F400B0D57C /* libz.tbd */ = {isa = PBXFileReference; lastKnownFileType = "sourcecode.text-based-dylib-definition"; name = libz.tbd; path = usr/lib/libz.tbd; sourceTree = SDKROOT; };
		08CB0BF81F6FC2AC008D6D96 /* LJUtil.h */ = {isa = PBXFileReference; fileEncoding = 4; lastKnownFileType = sourcecode.c.h; path = LJUtil.h; sourceTree = "<group>"; };
		08CB0BF91F6FC2AC008D6D96 /* LJUtil.m */ = {isa = PBXFileReference; fileEncoding = 4; lastKnownFileType = sourcecode.c.objc; path = LJUtil.m; sourceTree = "<group>"; };
		08CB0BFA1F6FC2AC008D6D96 /* UIView+Extension.h */ = {isa = PBXFileReference; fileEncoding = 4; lastKnownFileType = sourcecode.c.h; path = "UIView+Extension.h"; sourceTree = "<group>"; };
		08CB0BFB1F6FC2AC008D6D96 /* UIView+Extension.m */ = {isa = PBXFileReference; fileEncoding = 4; lastKnownFileType = sourcecode.c.objc; path = "UIView+Extension.m"; sourceTree = "<group>"; };
		08CB0BFF1F6FC2B5008D6D96 /* Header.h */ = {isa = PBXFileReference; fileEncoding = 4; lastKnownFileType = sourcecode.c.h; path = Header.h; sourceTree = "<group>"; };
		08CB0C001F6FC2B5008D6D96 /* PrefixHeader.pch */ = {isa = PBXFileReference; fileEncoding = 4; lastKnownFileType = sourcecode.c.h; path = PrefixHeader.pch; sourceTree = "<group>"; };
		3D0B26722100984F000F62D2 /* libPods-MXSecond.a */ = {isa = PBXFileReference; explicitFileType = archive.ar; path = "libPods-MXSecond.a"; sourceTree = BUILT_PRODUCTS_DIR; };
		3D4E74AE20F706B00058EC22 /* XFHomeViewController.h */ = {isa = PBXFileReference; lastKnownFileType = sourcecode.c.h; path = XFHomeViewController.h; sourceTree = "<group>"; };
		3D4E74AF20F706B00058EC22 /* XFHomeViewController.m */ = {isa = PBXFileReference; lastKnownFileType = sourcecode.c.objc; path = XFHomeViewController.m; sourceTree = "<group>"; };
		3D4E74B220F71B3A0058EC22 /* XFNewSViewController.h */ = {isa = PBXFileReference; lastKnownFileType = sourcecode.c.h; path = XFNewSViewController.h; sourceTree = "<group>"; };
		3D4E74B320F71B3A0058EC22 /* XFNewSViewController.m */ = {isa = PBXFileReference; lastKnownFileType = sourcecode.c.objc; path = XFNewSViewController.m; sourceTree = "<group>"; };
		3D4E74B420F71B3A0058EC22 /* XFNewSViewController.xib */ = {isa = PBXFileReference; lastKnownFileType = file.xib; path = XFNewSViewController.xib; sourceTree = "<group>"; };
		3D4E74C120F71C200058EC22 /* XFMatchViewController.h */ = {isa = PBXFileReference; lastKnownFileType = sourcecode.c.h; path = XFMatchViewController.h; sourceTree = "<group>"; };
		3D4E74C220F71C200058EC22 /* XFMatchViewController.m */ = {isa = PBXFileReference; lastKnownFileType = sourcecode.c.objc; path = XFMatchViewController.m; sourceTree = "<group>"; };
		3D4E74C420F71C360058EC22 /* XFMyViewController.h */ = {isa = PBXFileReference; lastKnownFileType = sourcecode.c.h; path = XFMyViewController.h; sourceTree = "<group>"; };
		3D4E74C520F71C360058EC22 /* XFMyViewController.m */ = {isa = PBXFileReference; lastKnownFileType = sourcecode.c.objc; path = XFMyViewController.m; sourceTree = "<group>"; };
		3D4E74C720F72E970058EC22 /* XFFastNewViewController.h */ = {isa = PBXFileReference; lastKnownFileType = sourcecode.c.h; path = XFFastNewViewController.h; sourceTree = "<group>"; };
		3D4E74C820F72E970058EC22 /* XFFastNewViewController.m */ = {isa = PBXFileReference; lastKnownFileType = sourcecode.c.objc; path = XFFastNewViewController.m; sourceTree = "<group>"; };
		3D4E74C920F72E970058EC22 /* XFFastNewViewController.xib */ = {isa = PBXFileReference; lastKnownFileType = file.xib; path = XFFastNewViewController.xib; sourceTree = "<group>"; };
		3D4E74CC20F72EA50058EC22 /* XFVideoViewController.h */ = {isa = PBXFileReference; lastKnownFileType = sourcecode.c.h; path = XFVideoViewController.h; sourceTree = "<group>"; };
		3D4E74CD20F72EA50058EC22 /* XFVideoViewController.m */ = {isa = PBXFileReference; lastKnownFileType = sourcecode.c.objc; path = XFVideoViewController.m; sourceTree = "<group>"; };
		3D4E74CE20F72EA50058EC22 /* XFVideoViewController.xib */ = {isa = PBXFileReference; lastKnownFileType = file.xib; path = XFVideoViewController.xib; sourceTree = "<group>"; };
		3D4E74D120F72EB70058EC22 /* XFPhotosViewController.h */ = {isa = PBXFileReference; lastKnownFileType = sourcecode.c.h; path = XFPhotosViewController.h; sourceTree = "<group>"; };
		3D4E74D220F72EB70058EC22 /* XFPhotosViewController.m */ = {isa = PBXFileReference; lastKnownFileType = sourcecode.c.objc; path = XFPhotosViewController.m; sourceTree = "<group>"; };
		3D4E74D320F72EB70058EC22 /* XFPhotosViewController.xib */ = {isa = PBXFileReference; lastKnownFileType = file.xib; path = XFPhotosViewController.xib; sourceTree = "<group>"; };
		3D4E74D620F72EC70058EC22 /* XFWallPageViewController.h */ = {isa = PBXFileReference; lastKnownFileType = sourcecode.c.h; path = XFWallPageViewController.h; sourceTree = "<group>"; };
		3D4E74D720F72EC70058EC22 /* XFWallPageViewController.m */ = {isa = PBXFileReference; lastKnownFileType = sourcecode.c.objc; path = XFWallPageViewController.m; sourceTree = "<group>"; };
		3D4E74D820F72EC70058EC22 /* XFWallPageViewController.xib */ = {isa = PBXFileReference; lastKnownFileType = file.xib; path = XFWallPageViewController.xib; sourceTree = "<group>"; };
		3D4E74DB20F72ED80058EC22 /* XFOssianViewController.h */ = {isa = PBXFileReference; lastKnownFileType = sourcecode.c.h; path = XFOssianViewController.h; sourceTree = "<group>"; };
		3D4E74DC20F72ED80058EC22 /* XFOssianViewController.m */ = {isa = PBXFileReference; lastKnownFileType = sourcecode.c.objc; path = XFOssianViewController.m; sourceTree = "<group>"; };
		3D4E74DD20F72ED80058EC22 /* XFOssianViewController.xib */ = {isa = PBXFileReference; lastKnownFileType = file.xib; path = XFOssianViewController.xib; sourceTree = "<group>"; };
		3D4E74E320F742B30058EC22 /* XFBaseViewCell.h */ = {isa = PBXFileReference; lastKnownFileType = sourcecode.c.h; path = XFBaseViewCell.h; sourceTree = "<group>"; };
		3D4E74E420F742B30058EC22 /* XFBaseViewCell.m */ = {isa = PBXFileReference; lastKnownFileType = sourcecode.c.objc; path = XFBaseViewCell.m; sourceTree = "<group>"; };
		3D4E74E520F742B30058EC22 /* XFBaseViewCell.xib */ = {isa = PBXFileReference; lastKnownFileType = file.xib; path = XFBaseViewCell.xib; sourceTree = "<group>"; };
		3D4E74E820F870800058EC22 /* XFPhotoCollectionViewCell.h */ = {isa = PBXFileReference; lastKnownFileType = sourcecode.c.h; path = XFPhotoCollectionViewCell.h; sourceTree = "<group>"; };
		3D4E74E920F870800058EC22 /* XFPhotoCollectionViewCell.m */ = {isa = PBXFileReference; lastKnownFileType = sourcecode.c.objc; path = XFPhotoCollectionViewCell.m; sourceTree = "<group>"; };
		3D4E74EA20F870800058EC22 /* XFPhotoCollectionViewCell.xib */ = {isa = PBXFileReference; lastKnownFileType = file.xib; path = XFPhotoCollectionViewCell.xib; sourceTree = "<group>"; };
		3D4E74ED20F878290058EC22 /* XFNewsModel.h */ = {isa = PBXFileReference; lastKnownFileType = sourcecode.c.h; path = XFNewsModel.h; sourceTree = "<group>"; };
		3D4E74EE20F878290058EC22 /* XFNewsModel.m */ = {isa = PBXFileReference; lastKnownFileType = sourcecode.c.objc; path = XFNewsModel.m; sourceTree = "<group>"; };
		3DBB926820FC827500BFBC14 /* XFNewDetailViewController.h */ = {isa = PBXFileReference; lastKnownFileType = sourcecode.c.h; path = XFNewDetailViewController.h; sourceTree = "<group>"; };
		3DBB926920FC827500BFBC14 /* XFNewDetailViewController.m */ = {isa = PBXFileReference; lastKnownFileType = sourcecode.c.objc; path = XFNewDetailViewController.m; sourceTree = "<group>"; };
		3DBB930720FD9DFE00BFBC14 /* XFMatchInfoViewController.m */ = {isa = PBXFileReference; fileEncoding = 4; lastKnownFileType = sourcecode.c.objc; path = XFMatchInfoViewController.m; sourceTree = "<group>"; };
		3DBB930820FD9DFE00BFBC14 /* XFMatchInfoViewController.xib */ = {isa = PBXFileReference; fileEncoding = 4; lastKnownFileType = file.xib; path = XFMatchInfoViewController.xib; sourceTree = "<group>"; };
		3DBB930920FD9DFE00BFBC14 /* XFMatchInfoViewController.h */ = {isa = PBXFileReference; fileEncoding = 4; lastKnownFileType = sourcecode.c.h; path = XFMatchInfoViewController.h; sourceTree = "<group>"; };
		3DBB930F20FD9DFE00BFBC14 /* XFBattleModel.h */ = {isa = PBXFileReference; fileEncoding = 4; lastKnownFileType = sourcecode.c.h; path = XFBattleModel.h; sourceTree = "<group>"; };
		3DBB931020FD9DFE00BFBC14 /* XFMatchRateModel.h */ = {isa = PBXFileReference; fileEncoding = 4; lastKnownFileType = sourcecode.c.h; path = XFMatchRateModel.h; sourceTree = "<group>"; };
		3DBB931120FD9DFE00BFBC14 /* XFMatchListModel.m */ = {isa = PBXFileReference; fileEncoding = 4; lastKnownFileType = sourcecode.c.objc; path = XFMatchListModel.m; sourceTree = "<group>"; };
		3DBB931220FD9DFE00BFBC14 /* XFScoreModel.m */ = {isa = PBXFileReference; fileEncoding = 4; lastKnownFileType = sourcecode.c.objc; path = XFScoreModel.m; sourceTree = "<group>"; };
		3DBB931320FD9DFE00BFBC14 /* XFMatchInfoModel.m */ = {isa = PBXFileReference; fileEncoding = 4; lastKnownFileType = sourcecode.c.objc; path = XFMatchInfoModel.m; sourceTree = "<group>"; };
		3DBB931420FD9DFE00BFBC14 /* XFVSEventModel.h */ = {isa = PBXFileReference; fileEncoding = 4; lastKnownFileType = sourcecode.c.h; path = XFVSEventModel.h; sourceTree = "<group>"; };
		3DBB931520FD9DFE00BFBC14 /* XFBattleModel.m */ = {isa = PBXFileReference; fileEncoding = 4; lastKnownFileType = sourcecode.c.objc; path = XFBattleModel.m; sourceTree = "<group>"; };
		3DBB931620FD9DFE00BFBC14 /* XFMatchRateModel.m */ = {isa = PBXFileReference; fileEncoding = 4; lastKnownFileType = sourcecode.c.objc; path = XFMatchRateModel.m; sourceTree = "<group>"; };
		3DBB931720FD9DFE00BFBC14 /* XFScoreModel.h */ = {isa = PBXFileReference; fileEncoding = 4; lastKnownFileType = sourcecode.c.h; path = XFScoreModel.h; sourceTree = "<group>"; };
		3DBB931820FD9DFE00BFBC14 /* XFMatchListModel.h */ = {isa = PBXFileReference; fileEncoding = 4; lastKnownFileType = sourcecode.c.h; path = XFMatchListModel.h; sourceTree = "<group>"; };
		3DBB931920FD9DFE00BFBC14 /* XFVSEventModel.m */ = {isa = PBXFileReference; fileEncoding = 4; lastKnownFileType = sourcecode.c.objc; path = XFVSEventModel.m; sourceTree = "<group>"; };
		3DBB931A20FD9DFE00BFBC14 /* XFMatchInfoModel.h */ = {isa = PBXFileReference; fileEncoding = 4; lastKnownFileType = sourcecode.c.h; path = XFMatchInfoModel.h; sourceTree = "<group>"; };
		3DBB931C20FD9DFE00BFBC14 /* XFMacthListCell.h */ = {isa = PBXFileReference; fileEncoding = 4; lastKnownFileType = sourcecode.c.h; path = XFMacthListCell.h; sourceTree = "<group>"; };
		3DBB931D20FD9DFE00BFBC14 /* XFMatchInfoCell.xib */ = {isa = PBXFileReference; fileEncoding = 4; lastKnownFileType = file.xib; path = XFMatchInfoCell.xib; sourceTree = "<group>"; };
		3DBB931E20FD9DFE00BFBC14 /* XFMatchInfoCell.m */ = {isa = PBXFileReference; fileEncoding = 4; lastKnownFileType = sourcecode.c.objc; path = XFMatchInfoCell.m; sourceTree = "<group>"; };
		3DBB931F20FD9DFE00BFBC14 /* XFMacthListCell.m */ = {isa = PBXFileReference; fileEncoding = 4; lastKnownFileType = sourcecode.c.objc; path = XFMacthListCell.m; sourceTree = "<group>"; };
		3DBB932020FD9DFE00BFBC14 /* XFMatchInfoCell.h */ = {isa = PBXFileReference; fileEncoding = 4; lastKnownFileType = sourcecode.c.h; path = XFMatchInfoCell.h; sourceTree = "<group>"; };
		3DBB932120FD9DFE00BFBC14 /* XFMacthListCell.xib */ = {isa = PBXFileReference; fileEncoding = 4; lastKnownFileType = file.xib; path = XFMacthListCell.xib; sourceTree = "<group>"; };
		3DBB933520FD9E4000BFBC14 /* XFMatchListViewController.h */ = {isa = PBXFileReference; lastKnownFileType = sourcecode.c.h; path = XFMatchListViewController.h; sourceTree = "<group>"; };
		3DBB933620FD9E4000BFBC14 /* XFMatchListViewController.m */ = {isa = PBXFileReference; lastKnownFileType = sourcecode.c.objc; path = XFMatchListViewController.m; sourceTree = "<group>"; };
		3DBB933920FD9E7300BFBC14 /* XFLikeViewController.h */ = {isa = PBXFileReference; lastKnownFileType = sourcecode.c.h; path = XFLikeViewController.h; sourceTree = "<group>"; };
		3DBB933A20FD9E7300BFBC14 /* XFLikeViewController.m */ = {isa = PBXFileReference; lastKnownFileType = sourcecode.c.objc; path = XFLikeViewController.m; sourceTree = "<group>"; };
		3DBB933C20FD9EB900BFBC14 /* XFNowViewController.h */ = {isa = PBXFileReference; lastKnownFileType = sourcecode.c.h; path = XFNowViewController.h; sourceTree = "<group>"; };
		3DBB933D20FD9EB900BFBC14 /* XFNowViewController.m */ = {isa = PBXFileReference; lastKnownFileType = sourcecode.c.objc; path = XFNowViewController.m; sourceTree = "<group>"; };
		3DBB933F20FD9EC400BFBC14 /* XFFinishedViewController.h */ = {isa = PBXFileReference; lastKnownFileType = sourcecode.c.h; path = XFFinishedViewController.h; sourceTree = "<group>"; };
		3DBB934020FD9EC400BFBC14 /* XFFinishedViewController.m */ = {isa = PBXFileReference; lastKnownFileType = sourcecode.c.objc; path = XFFinishedViewController.m; sourceTree = "<group>"; };
		3DBB934220FD9ECC00BFBC14 /* XFMiddleViewController.h */ = {isa = PBXFileReference; lastKnownFileType = sourcecode.c.h; path = XFMiddleViewController.h; sourceTree = "<group>"; };
		3DBB934320FD9ECC00BFBC14 /* XFMiddleViewController.m */ = {isa = PBXFileReference; lastKnownFileType = sourcecode.c.objc; path = XFMiddleViewController.m; sourceTree = "<group>"; };
		3DBB934520FDC5B600BFBC14 /* XFTableViewCell.h */ = {isa = PBXFileReference; fileEncoding = 4; lastKnownFileType = sourcecode.c.h; path = XFTableViewCell.h; sourceTree = "<group>"; };
		3DBB934620FDC5B600BFBC14 /* XFTableViewCell.m */ = {isa = PBXFileReference; fileEncoding = 4; lastKnownFileType = sourcecode.c.objc; path = XFTableViewCell.m; sourceTree = "<group>"; };
		5211D395DC5E3F63B248152A /* libPods-MXSecond.a */ = {isa = PBXFileReference; explicitFileType = archive.ar; includeInIndex = 0; path = "libPods-MXSecond.a"; sourceTree = BUILT_PRODUCTS_DIR; };
		9F6FB35BE4C939AF883BD3F2 /* Pods-MXSecond.debug.xcconfig */ = {isa = PBXFileReference; includeInIndex = 1; lastKnownFileType = text.xcconfig; name = "Pods-MXSecond.debug.xcconfig"; path = "Pods/Target Support Files/Pods-MXSecond/Pods-MXSecond.debug.xcconfig"; sourceTree = "<group>"; };
		BCA426380525A5265A1C7FB7 /* Pods-MXSecond.release.xcconfig */ = {isa = PBXFileReference; includeInIndex = 1; lastKnownFileType = text.xcconfig; name = "Pods-MXSecond.release.xcconfig"; path = "Pods/Target Support Files/Pods-MXSecond/Pods-MXSecond.release.xcconfig"; sourceTree = "<group>"; };
/* End PBXFileReference section */

/* Begin PBXFrameworksBuildPhase section */
		081BD8E41F5CE206006C16E2 /* Frameworks */ = {
			isa = PBXFrameworksBuildPhase;
			buildActionMask = 2147483647;
			files = (
				3D0B26732100984F000F62D2 /* libPods-MXSecond.a in Frameworks */,
				08B32E74206491F400B0D57C /* libz.tbd in Frameworks */,
				08B32E72206491EC00B0D57C /* libstdc++.tbd in Frameworks */,
				08B32E70206491DE00B0D57C /* libsqlite3.0.tbd in Frameworks */,
				08B32E6E206491CE00B0D57C /* CoreTelephony.framework in Frameworks */,
				08B32E6C206491C600B0D57C /* SystemConfiguration.framework in Frameworks */,
			);
			runOnlyForDeploymentPostprocessing = 0;
		};
		081BD8F71F5CE206006C16E2 /* Frameworks */ = {
			isa = PBXFrameworksBuildPhase;
			buildActionMask = 2147483647;
			files = (
			);
			runOnlyForDeploymentPostprocessing = 0;
		};
		081BD9021F5CE206006C16E2 /* Frameworks */ = {
			isa = PBXFrameworksBuildPhase;
			buildActionMask = 2147483647;
			files = (
			);
			runOnlyForDeploymentPostprocessing = 0;
		};
/* End PBXFrameworksBuildPhase section */

/* Begin PBXGroup section */
		080889F21F666A3900B98E1E /* 基类 */ = {
			isa = PBXGroup;
			children = (
				080889F61F666A8A00B98E1E /* BaseTabbarController.h */,
				080889F71F666A8A00B98E1E /* BaseTabbarController.m */,
				080889F81F666A8A00B98E1E /* BaseViewController.h */,
				080889F91F666A8A00B98E1E /* BaseViewController.m */,
				080889FA1F666A8A00B98E1E /* BaseViewModel.h */,
				080889FB1F666A8A00B98E1E /* BaseViewModel.m */,
				080889F31F666A3900B98E1E /* BaseNavigationController.h */,
				080889F41F666A3900B98E1E /* BaseNavigationController.m */,
			);
			path = "基类";
			sourceTree = "<group>";
		};
		081BD8DE1F5CE206006C16E2 = {
			isa = PBXGroup;
			children = (
				081BD8E91F5CE206006C16E2 /* MXSecond */,
				081BD8FD1F5CE206006C16E2 /* MXSecondTests */,
				081BD9081F5CE206006C16E2 /* MXSecondUITests */,
				081BD8E81F5CE206006C16E2 /* Products */,
				C11264547657344C8DAD7EA5 /* Pods */,
				B8B3DA6FE9B1FE00AA1072F6 /* Frameworks */,
			);
			sourceTree = "<group>";
		};
		081BD8E81F5CE206006C16E2 /* Products */ = {
			isa = PBXGroup;
			children = (
				081BD8E71F5CE206006C16E2 /* MXSecond.app */,
				081BD8FA1F5CE206006C16E2 /* MXSecondTests.xctest */,
				081BD9051F5CE206006C16E2 /* MXSecondUITests.xctest */,
			);
			name = Products;
			sourceTree = "<group>";
		};
		081BD8E91F5CE206006C16E2 /* MXSecond */ = {
			isa = PBXGroup;
			children = (
				088C19B220FD997F00F4640F /* 引导页 */,
				08B121E620F8A8A9006478B1 /* 注册&登录 */,
				3D4E74BC20F71BA70058EC22 /* 我 */,
				3D4E74B720F71B4A0058EC22 /* 赛事 */,
				3D4E74AA20F706310058EC22 /* 首页 */,
				080889F21F666A3900B98E1E /* 基类 */,
				0887233720F6F41800C8BA5D /* 网络 */,
				0887235320F6FAC400C8BA5D /* 公共 */,
				08CB0BF71F6FC2AC008D6D96 /* 工具 */,
				08CB0BFE1F6FC2B5008D6D96 /* Other */,
				081BD8F21F5CE206006C16E2 /* LaunchScreen.storyboard */,
				081BD8F01F5CE206006C16E2 /* Assets.xcassets */,
				081BD8F51F5CE206006C16E2 /* Info.plist */,
				081BD8EA1F5CE206006C16E2 /* Supporting Files */,
			);
			path = MXSecond;
			sourceTree = "<group>";
		};
		081BD8EA1F5CE206006C16E2 /* Supporting Files */ = {
			isa = PBXGroup;
			children = (
				081BD8EB1F5CE206006C16E2 /* main.m */,
			);
			name = "Supporting Files";
			sourceTree = "<group>";
		};
		081BD8FD1F5CE206006C16E2 /* MXSecondTests */ = {
			isa = PBXGroup;
			children = (
				081BD8FE1F5CE206006C16E2 /* MXSecondTests.m */,
				081BD9001F5CE206006C16E2 /* Info.plist */,
			);
			path = MXSecondTests;
			sourceTree = "<group>";
		};
		081BD9081F5CE206006C16E2 /* MXSecondUITests */ = {
			isa = PBXGroup;
			children = (
				081BD9091F5CE206006C16E2 /* MXSecondUITests.m */,
				081BD90B1F5CE206006C16E2 /* Info.plist */,
			);
			path = MXSecondUITests;
			sourceTree = "<group>";
		};
		0887233720F6F41800C8BA5D /* 网络 */ = {
			isa = PBXGroup;
			children = (
				088C19AD20FD8BB300F4640F /* *.qiuyoule.com.cer */,
				08B121C220F85A2C006478B1 /* Model */,
				0887233920F6F41800C8BA5D /* UrlDefine.h */,
				0887233820F6F41800C8BA5D /* WebManager.h */,
				0887234820F6F41800C8BA5D /* WebManager.m */,
			);
			path = "网络";
			sourceTree = "<group>";
		};
		0887235320F6FAC400C8BA5D /* 公共 */ = {
			isa = PBXGroup;
			children = (
				088C198F20FC96C200F4640F /* PersonDataManager.h */,
				088C198E20FC96C200F4640F /* PersonDataManager.m */,
				0887237020F6FADF00C8BA5D /* SliderNavBar */,
				0887235B20F6FADA00C8BA5D /* Refresh */,
				0887235420F6FAD400C8BA5D /* Banner */,
			);
			path = "公共";
			sourceTree = "<group>";
		};
		0887235420F6FAD400C8BA5D /* Banner */ = {
			isa = PBXGroup;
			children = (
				0887235520F6FAD400C8BA5D /* BannerScrollView.m */,
				0887235620F6FAD400C8BA5D /* JJPageControlView.m */,
				0887235720F6FAD400C8BA5D /* JJPageControlView.h */,
				0887235820F6FAD400C8BA5D /* BannerScrollView.h */,
			);
			path = Banner;
			sourceTree = "<group>";
		};
		0887235B20F6FADA00C8BA5D /* Refresh */ = {
			isa = PBXGroup;
			children = (
				0887235D20F6FADA00C8BA5D /* icon_noting_face@2x.png */,
				0887236420F6FADA00C8BA5D /* JJRefreshTabView.h */,
				0887235F20F6FADA00C8BA5D /* JJRefreshTabView.m */,
				0887236220F6FADA00C8BA5D /* LLRefreshCollectionView.h */,
				0887236820F6FADA00C8BA5D /* LLRefreshCollectionView.m */,
				0887236320F6FADA00C8BA5D /* UITableView+HD_NoList.h */,
				0887235C20F6FADA00C8BA5D /* UITableView+HD_NoList.m */,
				0887236620F6FADA00C8BA5D /* UICollectionView+NoList.h */,
				0887236120F6FADA00C8BA5D /* UICollectionView+NoList.m */,
			);
			path = Refresh;
			sourceTree = "<group>";
		};
		0887237020F6FADF00C8BA5D /* SliderNavBar */ = {
			isa = PBXGroup;
			children = (
				0887237120F6FADF00C8BA5D /* SliderNavBar.m */,
				0887237220F6FADF00C8BA5D /* SliderNavBar.h */,
			);
			path = SliderNavBar;
			sourceTree = "<group>";
		};
		0887238720F72F2C00C8BA5D /* View */ = {
			isa = PBXGroup;
			children = (
				088723A720F75D7300C8BA5D /* LJMatchAssistCell.h */,
				088723A820F75D7300C8BA5D /* LJMatchAssistCell.m */,
				088723A920F75D7300C8BA5D /* LJMatchAssistCell.xib */,
				0887239620F742F700C8BA5D /* LJMatchGoalCell.h */,
				0887239720F742F700C8BA5D /* LJMatchGoalCell.m */,
				0887239820F742F700C8BA5D /* LJMatchGoalCell.xib */,
				0887238820F72F5800C8BA5D /* LJMatchScoreCell.h */,
				0887238920F72F5800C8BA5D /* LJMatchScoreCell.m */,
				0887238A20F72F5800C8BA5D /* LJMatchScoreCell.xib */,
				0887238D20F72F7300C8BA5D /* LJMatchRecordCell.h */,
				0887238E20F72F7300C8BA5D /* LJMatchRecordCell.m */,
				0887238F20F72F7300C8BA5D /* LJMatchRecordCell.xib */,
			);
			path = View;
			sourceTree = "<group>";
		};
		0887239220F72FB700C8BA5D /* Model */ = {
			isa = PBXGroup;
			children = (
				088723A420F75CE100C8BA5D /* LJMatchAssistModel.h */,
				088723A520F75CE100C8BA5D /* LJMatchAssistModel.m */,
				088723A120F75CC400C8BA5D /* LJMatchGoalModel.h */,
				088723A220F75CC400C8BA5D /* LJMatchGoalModel.m */,
				0887239320F72FEE00C8BA5D /* LJMatchScoreModel.h */,
				0887239420F72FEE00C8BA5D /* LJMatchScoreModel.m */,
				0887239B20F75C3600C8BA5D /* LJMatchRecordModel.h */,
				0887239C20F75C3600C8BA5D /* LJMatchRecordModel.m */,
			);
			path = Model;
			sourceTree = "<group>";
		};
		088C199920FC9C9F00F4640F /* Model */ = {
			isa = PBXGroup;
			children = (
				088C199A20FC9C9F00F4640F /* User.m */,
				088C199B20FC9C9F00F4640F /* User.h */,
			);
			path = Model;
			sourceTree = "<group>";
		};
		088C199C20FC9C9F00F4640F /* View */ = {
			isa = PBXGroup;
			children = (
				088C19A320FC9C9F00F4640F /* MyHeaderCell.h */,
				088C199F20FC9C9F00F4640F /* MyHeaderCell.m */,
				088C199D20FC9C9F00F4640F /* MyHeaderCell.xib */,
				088C19A120FC9C9F00F4640F /* MyCell.h */,
				088C19A420FC9C9F00F4640F /* MyCell.m */,
				088C199E20FC9C9F00F4640F /* MyCell.xib */,
				088C19A520FC9C9F00F4640F /* AccountCell.h */,
				088C19A020FC9C9F00F4640F /* AccountCell.m */,
				088C19A220FC9C9F00F4640F /* AccountCell.xib */,
			);
			path = View;
			sourceTree = "<group>";
		};
		088C19B220FD997F00F4640F /* 引导页 */ = {
			isa = PBXGroup;
			children = (
				088C19B320FD9A1100F4640F /* GuideView.h */,
				088C19B420FD9A1100F4640F /* GuideView.m */,
			);
			path = "引导页";
			sourceTree = "<group>";
		};
		08B121C220F85A2C006478B1 /* Model */ = {
			isa = PBXGroup;
			children = (
				08B1220620F8AC12006478B1 /* LSLJSuccessData.h */,
				08B1220520F8AC11006478B1 /* LSLJSuccessData.m */,
				08B121C320F85A5C006478B1 /* SuccessData.h */,
				08B121C420F85A5C006478B1 /* SuccessData.m */,
				08B121C620F85ACD006478B1 /* ModelHeader.h */,
			);
			path = Model;
			sourceTree = "<group>";
		};
		08B121E620F8A8A9006478B1 /* 注册&登录 */ = {
			isa = PBXGroup;
			children = (
				08B121E720F8A8A9006478B1 /* Controller */,
				08B121F120F8A8A9006478B1 /* Model */,
				08B121F620F8A8A9006478B1 /* View */,
			);
			path = "注册&登录";
			sourceTree = "<group>";
		};
		08B121E720F8A8A9006478B1 /* Controller */ = {
			isa = PBXGroup;
			children = (
				08B121EF20F8A8A9006478B1 /* LoginViewController.h */,
				08B121EA20F8A8A9006478B1 /* LoginViewController.m */,
				08B121EE20F8A8A9006478B1 /* LoginViewController.xib */,
				08B121F020F8A8A9006478B1 /* RegisterViewController.h */,
				08B121EB20F8A8A9006478B1 /* RegisterViewController.m */,
				08B121ED20F8A8A9006478B1 /* RegisterViewController.xib */,
				08B121E820F8A8A9006478B1 /* ResetPasswdViewController.h */,
				08B121EC20F8A8A9006478B1 /* ResetPasswdViewController.m */,
				08B121E920F8A8A9006478B1 /* ResetPasswdViewController.xib */,
			);
			path = Controller;
			sourceTree = "<group>";
		};
		08B121F120F8A8A9006478B1 /* Model */ = {
			isa = PBXGroup;
			children = (
				08B121F420F8A8A9006478B1 /* LoginModel.h */,
				08B121F220F8A8A9006478B1 /* LoginModel.m */,
				08B121F520F8A8A9006478B1 /* JProtocol.h */,
				08B121F320F8A8A9006478B1 /* JProtocol.m */,
			);
			path = Model;
			sourceTree = "<group>";
		};
		08B121F620F8A8A9006478B1 /* View */ = {
			isa = PBXGroup;
			children = (
				08B121F820F8A8A9006478B1 /* CountDownButton.h */,
				08B121F720F8A8A9006478B1 /* CountDownButton.m */,
			);
			path = View;
			sourceTree = "<group>";
		};
		08CB0BF71F6FC2AC008D6D96 /* 工具 */ = {
			isa = PBXGroup;
			children = (
				088C19B620FD9B7D00F4640F /* UIImage+Category.h */,
				088C19B720FD9B7D00F4640F /* UIImage+Category.m */,
				08B1220320F8A9DD006478B1 /* NSString+MD5.h */,
				08B1220220F8A9DD006478B1 /* NSString+MD5.m */,
				08CB0BF81F6FC2AC008D6D96 /* LJUtil.h */,
				08CB0BF91F6FC2AC008D6D96 /* LJUtil.m */,
				08CB0BFA1F6FC2AC008D6D96 /* UIView+Extension.h */,
				08CB0BFB1F6FC2AC008D6D96 /* UIView+Extension.m */,
			);
			path = "工具";
			sourceTree = "<group>";
		};
		08CB0BFE1F6FC2B5008D6D96 /* Other */ = {
			isa = PBXGroup;
			children = (
				081BD8ED1F5CE206006C16E2 /* AppDelegate.h */,
				081BD8EE1F5CE206006C16E2 /* AppDelegate.m */,
				08CB0BFF1F6FC2B5008D6D96 /* Header.h */,
				08CB0C001F6FC2B5008D6D96 /* PrefixHeader.pch */,
			);
			path = Other;
			sourceTree = "<group>";
		};
		3D4E74AA20F706310058EC22 /* 首页 */ = {
			isa = PBXGroup;
			children = (
				3D4E74AD20F7064C0058EC22 /* Controller */,
				3D4E74AC20F706460058EC22 /* Model */,
				3D4E74AB20F706400058EC22 /* View */,
			);
			path = "首页";
			sourceTree = "<group>";
		};
		3D4E74AB20F706400058EC22 /* View */ = {
			isa = PBXGroup;
			children = (
				3D4E74E320F742B30058EC22 /* XFBaseViewCell.h */,
				3D4E74E420F742B30058EC22 /* XFBaseViewCell.m */,
				3D4E74E520F742B30058EC22 /* XFBaseViewCell.xib */,
				3D4E74E820F870800058EC22 /* XFPhotoCollectionViewCell.h */,
				3D4E74E920F870800058EC22 /* XFPhotoCollectionViewCell.m */,
				3D4E74EA20F870800058EC22 /* XFPhotoCollectionViewCell.xib */,
			);
			path = View;
			sourceTree = "<group>";
		};
		3D4E74AC20F706460058EC22 /* Model */ = {
			isa = PBXGroup;
			children = (
				3D4E74ED20F878290058EC22 /* XFNewsModel.h */,
				3D4E74EE20F878290058EC22 /* XFNewsModel.m */,
			);
			path = Model;
			sourceTree = "<group>";
		};
		3D4E74AD20F7064C0058EC22 /* Controller */ = {
			isa = PBXGroup;
			children = (
				3D4E74B120F71A820058EC22 /* Itemcontroller */,
				3D4E74AE20F706B00058EC22 /* XFHomeViewController.h */,
				3D4E74AF20F706B00058EC22 /* XFHomeViewController.m */,
			);
			path = Controller;
			sourceTree = "<group>";
		};
		3D4E74B120F71A820058EC22 /* Itemcontroller */ = {
			isa = PBXGroup;
			children = (
				3D4E74B220F71B3A0058EC22 /* XFNewSViewController.h */,
				3D4E74B320F71B3A0058EC22 /* XFNewSViewController.m */,
				3D4E74B420F71B3A0058EC22 /* XFNewSViewController.xib */,
				3D4E74C720F72E970058EC22 /* XFFastNewViewController.h */,
				3D4E74C820F72E970058EC22 /* XFFastNewViewController.m */,
				3D4E74C920F72E970058EC22 /* XFFastNewViewController.xib */,
				3D4E74CC20F72EA50058EC22 /* XFVideoViewController.h */,
				3D4E74CD20F72EA50058EC22 /* XFVideoViewController.m */,
				3D4E74CE20F72EA50058EC22 /* XFVideoViewController.xib */,
				3D4E74D120F72EB70058EC22 /* XFPhotosViewController.h */,
				3D4E74D220F72EB70058EC22 /* XFPhotosViewController.m */,
				3D4E74D320F72EB70058EC22 /* XFPhotosViewController.xib */,
				3D4E74D620F72EC70058EC22 /* XFWallPageViewController.h */,
				3D4E74D720F72EC70058EC22 /* XFWallPageViewController.m */,
				3D4E74D820F72EC70058EC22 /* XFWallPageViewController.xib */,
				3D4E74DB20F72ED80058EC22 /* XFOssianViewController.h */,
				3D4E74DC20F72ED80058EC22 /* XFOssianViewController.m */,
				3D4E74DD20F72ED80058EC22 /* XFOssianViewController.xib */,
				3DBB926820FC827500BFBC14 /* XFNewDetailViewController.h */,
				3DBB926920FC827500BFBC14 /* XFNewDetailViewController.m */,
			);
			path = Itemcontroller;
			sourceTree = "<group>";
		};
		3D4E74B720F71B4A0058EC22 /* 赛事 */ = {
			isa = PBXGroup;
			children = (
				3DBB92FD20FD9DFE00BFBC14 /* 外链赛事 */,
				08B121C820F89B16006478B1 /* WKViewController.h */,
				08B121C720F89B16006478B1 /* WKViewController.m */,
				0887239220F72FB700C8BA5D /* Model */,
				0887238720F72F2C00C8BA5D /* View */,
				3D4E74BB20F71B9A0058EC22 /* Controller */,
			);
			path = "赛事";
			sourceTree = "<group>";
		};
		3D4E74BB20F71B9A0058EC22 /* Controller */ = {
			isa = PBXGroup;
			children = (
				3D4E74C120F71C200058EC22 /* XFMatchViewController.h */,
				3D4E74C220F71C200058EC22 /* XFMatchViewController.m */,
				0887238220F72E1000C8BA5D /* LJMatchListViewController.h */,
				0887238320F72E1000C8BA5D /* LJMatchListViewController.m */,
				0887238420F72E1000C8BA5D /* LJMatchListViewController.xib */,
			);
			path = Controller;
			sourceTree = "<group>";
		};
		3D4E74BC20F71BA70058EC22 /* 我 */ = {
			isa = PBXGroup;
			children = (
				088C199920FC9C9F00F4640F /* Model */,
				088C199C20FC9C9F00F4640F /* View */,
				3D4E74C020F71BCF0058EC22 /* Controller */,
			);
			path = "我";
			sourceTree = "<group>";
		};
		3D4E74C020F71BCF0058EC22 /* Controller */ = {
			isa = PBXGroup;
			children = (
				3D4E74C420F71C360058EC22 /* XFMyViewController.h */,
				3D4E74C520F71C360058EC22 /* XFMyViewController.m */,
				088C199320FC970F00F4640F /* AccountViewController.h */,
				088C199220FC970F00F4640F /* AccountViewController.m */,
				088C199120FC970F00F4640F /* AccountViewController.xib */,
				088C199720FC971700F4640F /* InputViewController.h */,
				088C199620FC971700F4640F /* InputViewController.m */,
			);
			path = Controller;
			sourceTree = "<group>";
		};
		3DBB92FD20FD9DFE00BFBC14 /* 外链赛事 */ = {
			isa = PBXGroup;
			children = (
				3DBB92FE20FD9DFE00BFBC14 /* Controller */,
				3DBB930E20FD9DFE00BFBC14 /* Model */,
				3DBB931B20FD9DFE00BFBC14 /* View */,
			);
			path = "外链赛事";
			sourceTree = "<group>";
		};
		3DBB92FE20FD9DFE00BFBC14 /* Controller */ = {
			isa = PBXGroup;
			children = (
				3DBB933520FD9E4000BFBC14 /* XFMatchListViewController.h */,
				3DBB933620FD9E4000BFBC14 /* XFMatchListViewController.m */,
				3DBB933820FD9E5D00BFBC14 /* List */,
				3DBB930620FD9DFE00BFBC14 /* Info */,
			);
			path = Controller;
			sourceTree = "<group>";
		};
		3DBB930620FD9DFE00BFBC14 /* Info */ = {
			isa = PBXGroup;
			children = (
				3DBB930720FD9DFE00BFBC14 /* XFMatchInfoViewController.m */,
				3DBB930820FD9DFE00BFBC14 /* XFMatchInfoViewController.xib */,
				3DBB930920FD9DFE00BFBC14 /* XFMatchInfoViewController.h */,
			);
			path = Info;
			sourceTree = "<group>";
		};
		3DBB930E20FD9DFE00BFBC14 /* Model */ = {
			isa = PBXGroup;
			children = (
				3DBB930F20FD9DFE00BFBC14 /* XFBattleModel.h */,
				3DBB931020FD9DFE00BFBC14 /* XFMatchRateModel.h */,
				3DBB931120FD9DFE00BFBC14 /* XFMatchListModel.m */,
				3DBB931220FD9DFE00BFBC14 /* XFScoreModel.m */,
				3DBB931320FD9DFE00BFBC14 /* XFMatchInfoModel.m */,
				3DBB931420FD9DFE00BFBC14 /* XFVSEventModel.h */,
				3DBB931520FD9DFE00BFBC14 /* XFBattleModel.m */,
				3DBB931620FD9DFE00BFBC14 /* XFMatchRateModel.m */,
				3DBB931720FD9DFE00BFBC14 /* XFScoreModel.h */,
				3DBB931820FD9DFE00BFBC14 /* XFMatchListModel.h */,
				3DBB931920FD9DFE00BFBC14 /* XFVSEventModel.m */,
				3DBB931A20FD9DFE00BFBC14 /* XFMatchInfoModel.h */,
			);
			path = Model;
			sourceTree = "<group>";
		};
		3DBB931B20FD9DFE00BFBC14 /* View */ = {
			isa = PBXGroup;
			children = (
				3DBB934520FDC5B600BFBC14 /* XFTableViewCell.h */,
				3DBB934620FDC5B600BFBC14 /* XFTableViewCell.m */,
				3DBB931C20FD9DFE00BFBC14 /* XFMacthListCell.h */,
				3DBB931D20FD9DFE00BFBC14 /* XFMatchInfoCell.xib */,
				3DBB931E20FD9DFE00BFBC14 /* XFMatchInfoCell.m */,
				3DBB931F20FD9DFE00BFBC14 /* XFMacthListCell.m */,
				3DBB932020FD9DFE00BFBC14 /* XFMatchInfoCell.h */,
				3DBB932120FD9DFE00BFBC14 /* XFMacthListCell.xib */,
			);
			path = View;
			sourceTree = "<group>";
		};
		3DBB933820FD9E5D00BFBC14 /* List */ = {
			isa = PBXGroup;
			children = (
				3DBB933920FD9E7300BFBC14 /* XFLikeViewController.h */,
				3DBB933A20FD9E7300BFBC14 /* XFLikeViewController.m */,
				3DBB933C20FD9EB900BFBC14 /* XFNowViewController.h */,
				3DBB933D20FD9EB900BFBC14 /* XFNowViewController.m */,
				3DBB933F20FD9EC400BFBC14 /* XFFinishedViewController.h */,
				3DBB934020FD9EC400BFBC14 /* XFFinishedViewController.m */,
				3DBB934220FD9ECC00BFBC14 /* XFMiddleViewController.h */,
				3DBB934320FD9ECC00BFBC14 /* XFMiddleViewController.m */,
			);
			path = List;
			sourceTree = "<group>";
		};
		B8B3DA6FE9B1FE00AA1072F6 /* Frameworks */ = {
			isa = PBXGroup;
			children = (
				3D0B26722100984F000F62D2 /* libPods-MXSecond.a */,
				08B32E73206491F400B0D57C /* libz.tbd */,
				08B32E71206491EC00B0D57C /* libstdc++.tbd */,
				08B32E6F206491DE00B0D57C /* libsqlite3.0.tbd */,
				08B32E6D206491CE00B0D57C /* CoreTelephony.framework */,
				08B32E6B206491C600B0D57C /* SystemConfiguration.framework */,
				5211D395DC5E3F63B248152A /* libPods-MXSecond.a */,
			);
			name = Frameworks;
			sourceTree = "<group>";
		};
		C11264547657344C8DAD7EA5 /* Pods */ = {
			isa = PBXGroup;
			children = (
				9F6FB35BE4C939AF883BD3F2 /* Pods-MXSecond.debug.xcconfig */,
				BCA426380525A5265A1C7FB7 /* Pods-MXSecond.release.xcconfig */,
			);
			name = Pods;
			sourceTree = "<group>";
		};
/* End PBXGroup section */

/* Begin PBXNativeTarget section */
		081BD8E61F5CE206006C16E2 /* MXSecond */ = {
			isa = PBXNativeTarget;
			buildConfigurationList = 081BD90E1F5CE206006C16E2 /* Build configuration list for PBXNativeTarget "MXSecond" */;
			buildPhases = (
				A1E991E1B479D053C7B9DDB7 /* [CP] Check Pods Manifest.lock */,
				081BD8E31F5CE206006C16E2 /* Sources */,
				081BD8E41F5CE206006C16E2 /* Frameworks */,
				081BD8E51F5CE206006C16E2 /* Resources */,
				EC25B29D9E6095FDFFA65392 /* [CP] Copy Pods Resources */,
			);
			buildRules = (
			);
			dependencies = (
			);
			name = MXSecond;
			productName = MXSecond;
			productReference = 081BD8E71F5CE206006C16E2 /* MXSecond.app */;
			productType = "com.apple.product-type.application";
		};
		081BD8F91F5CE206006C16E2 /* MXSecondTests */ = {
			isa = PBXNativeTarget;
			buildConfigurationList = 081BD9111F5CE206006C16E2 /* Build configuration list for PBXNativeTarget "MXSecondTests" */;
			buildPhases = (
				081BD8F61F5CE206006C16E2 /* Sources */,
				081BD8F71F5CE206006C16E2 /* Frameworks */,
				081BD8F81F5CE206006C16E2 /* Resources */,
			);
			buildRules = (
			);
			dependencies = (
				081BD8FC1F5CE206006C16E2 /* PBXTargetDependency */,
			);
			name = MXSecondTests;
			productName = MXSecondTests;
			productReference = 081BD8FA1F5CE206006C16E2 /* MXSecondTests.xctest */;
			productType = "com.apple.product-type.bundle.unit-test";
		};
		081BD9041F5CE206006C16E2 /* MXSecondUITests */ = {
			isa = PBXNativeTarget;
			buildConfigurationList = 081BD9141F5CE206006C16E2 /* Build configuration list for PBXNativeTarget "MXSecondUITests" */;
			buildPhases = (
				081BD9011F5CE206006C16E2 /* Sources */,
				081BD9021F5CE206006C16E2 /* Frameworks */,
				081BD9031F5CE206006C16E2 /* Resources */,
			);
			buildRules = (
			);
			dependencies = (
				081BD9071F5CE206006C16E2 /* PBXTargetDependency */,
			);
			name = MXSecondUITests;
			productName = MXSecondUITests;
			productReference = 081BD9051F5CE206006C16E2 /* MXSecondUITests.xctest */;
			productType = "com.apple.product-type.bundle.ui-testing";
		};
/* End PBXNativeTarget section */

/* Begin PBXProject section */
		081BD8DF1F5CE206006C16E2 /* Project object */ = {
			isa = PBXProject;
			attributes = {
				LastUpgradeCheck = 0900;
				ORGANIZATIONNAME = AppleFish;
				TargetAttributes = {
					081BD8E61F5CE206006C16E2 = {
						CreatedOnToolsVersion = 8.3.2;
						DevelopmentTeam = SE8CSBM56B;
						ProvisioningStyle = Manual;
					};
					081BD8F91F5CE206006C16E2 = {
						CreatedOnToolsVersion = 8.3.2;
						DevelopmentTeam = 46SHPCVLTF;
						ProvisioningStyle = Automatic;
						TestTargetID = 081BD8E61F5CE206006C16E2;
					};
					081BD9041F5CE206006C16E2 = {
						CreatedOnToolsVersion = 8.3.2;
						DevelopmentTeam = 46SHPCVLTF;
						ProvisioningStyle = Automatic;
						TestTargetID = 081BD8E61F5CE206006C16E2;
					};
				};
			};
			buildConfigurationList = 081BD8E21F5CE206006C16E2 /* Build configuration list for PBXProject "MXSecond" */;
			compatibilityVersion = "Xcode 3.2";
			developmentRegion = English;
			hasScannedForEncodings = 0;
			knownRegions = (
				en,
				Base,
			);
			mainGroup = 081BD8DE1F5CE206006C16E2;
			productRefGroup = 081BD8E81F5CE206006C16E2 /* Products */;
			projectDirPath = "";
			projectRoot = "";
			targets = (
				081BD8E61F5CE206006C16E2 /* MXSecond */,
				081BD8F91F5CE206006C16E2 /* MXSecondTests */,
				081BD9041F5CE206006C16E2 /* MXSecondUITests */,
			);
		};
/* End PBXProject section */

/* Begin PBXResourcesBuildPhase section */
		081BD8E51F5CE206006C16E2 /* Resources */ = {
			isa = PBXResourcesBuildPhase;
			buildActionMask = 2147483647;
			files = (
				08B121FE20F8A8A9006478B1 /* LoginViewController.xib in Resources */,
				088C19A820FC9C9F00F4640F /* MyCell.xib in Resources */,
				3D4E74D520F72EB70058EC22 /* XFPhotosViewController.xib in Resources */,
				081BD8F11F5CE206006C16E2 /* Assets.xcassets in Resources */,
				081BD8F41F5CE206006C16E2 /* LaunchScreen.storyboard in Resources */,
				3D4E74DF20F72ED80058EC22 /* XFOssianViewController.xib in Resources */,
				088C19AE20FD8BB300F4640F /* *.qiuyoule.com.cer in Resources */,
				3D4E74CB20F72E970058EC22 /* XFFastNewViewController.xib in Resources */,
				3D4E74E720F742B30058EC22 /* XFBaseViewCell.xib in Resources */,
				08B121F920F8A8A9006478B1 /* ResetPasswdViewController.xib in Resources */,
				3DBB933420FD9DFE00BFBC14 /* XFMacthListCell.xib in Resources */,
				0887238620F72E1000C8BA5D /* LJMatchListViewController.xib in Resources */,
				088C19A720FC9C9F00F4640F /* MyHeaderCell.xib in Resources */,
				3D4E74EC20F870800058EC22 /* XFPhotoCollectionViewCell.xib in Resources */,
				0887238C20F72F5800C8BA5D /* LJMatchScoreCell.xib in Resources */,
				081BD8F11F5CE206006C16E2 /* Assets.xcassets in Resources */,
				081BD8F41F5CE206006C16E2 /* LaunchScreen.storyboard in Resources */,
				088723AB20F75D7300C8BA5D /* LJMatchAssistCell.xib in Resources */,
				3DBB932820FD9DFE00BFBC14 /* XFMatchInfoViewController.xib in Resources */,
				0887236A20F6FADA00C8BA5D /* icon_noting_face@2x.png in Resources */,
				3D4E74D020F72EA50058EC22 /* XFVideoViewController.xib in Resources */,
				088C199420FC970F00F4640F /* AccountViewController.xib in Resources */,
				3D4E74B620F71B3A0058EC22 /* XFNewSViewController.xib in Resources */,
				088C19AB20FC9C9F00F4640F /* AccountCell.xib in Resources */,
				3D4E74DA20F72EC70058EC22 /* XFWallPageViewController.xib in Resources */,
				08B121FD20F8A8A9006478B1 /* RegisterViewController.xib in Resources */,
				3DBB933120FD9DFE00BFBC14 /* XFMatchInfoCell.xib in Resources */,
				0887239A20F742F700C8BA5D /* LJMatchGoalCell.xib in Resources */,
				0887239120F72F7300C8BA5D /* LJMatchRecordCell.xib in Resources */,
			);
			runOnlyForDeploymentPostprocessing = 0;
		};
		081BD8F81F5CE206006C16E2 /* Resources */ = {
			isa = PBXResourcesBuildPhase;
			buildActionMask = 2147483647;
			files = (
			);
			runOnlyForDeploymentPostprocessing = 0;
		};
		081BD9031F5CE206006C16E2 /* Resources */ = {
			isa = PBXResourcesBuildPhase;
			buildActionMask = 2147483647;
			files = (
			);
			runOnlyForDeploymentPostprocessing = 0;
		};
/* End PBXResourcesBuildPhase section */

/* Begin PBXShellScriptBuildPhase section */
		A1E991E1B479D053C7B9DDB7 /* [CP] Check Pods Manifest.lock */ = {
			isa = PBXShellScriptBuildPhase;
			buildActionMask = 2147483647;
			files = (
			);
			inputPaths = (
				"${PODS_PODFILE_DIR_PATH}/Podfile.lock",
				"${PODS_ROOT}/Manifest.lock",
			);
			name = "[CP] Check Pods Manifest.lock";
			outputPaths = (
				"$(DERIVED_FILE_DIR)/Pods-MXSecond-checkManifestLockResult.txt",
			);
			runOnlyForDeploymentPostprocessing = 0;
			shellPath = /bin/sh;
			shellScript = "diff \"${PODS_PODFILE_DIR_PATH}/Podfile.lock\" \"${PODS_ROOT}/Manifest.lock\" > /dev/null\nif [ $? != 0 ] ; then\n    # print error to STDERR\n    echo \"error: The sandbox is not in sync with the Podfile.lock. Run 'pod install' or update your CocoaPods installation.\" >&2\n    exit 1\nfi\n# This output is used by Xcode 'outputs' to avoid re-running this script phase.\necho \"SUCCESS\" > \"${SCRIPT_OUTPUT_FILE_0}\"\n";
			showEnvVarsInLog = 0;
		};
		EC25B29D9E6095FDFFA65392 /* [CP] Copy Pods Resources */ = {
			isa = PBXShellScriptBuildPhase;
			buildActionMask = 2147483647;
			files = (
			);
			inputPaths = (
				"${SRCROOT}/Pods/Target Support Files/Pods-MXSecond/Pods-MXSecond-resources.sh",
				"${PODS_ROOT}/IQKeyboardManager/IQKeyboardManager/Resources/IQKeyboardManager.bundle",
				"${PODS_ROOT}/MJRefresh/MJRefresh/MJRefresh.bundle",
				"${PODS_ROOT}/WMPlayer/WMPlayer/WMPlayer.bundle",
			);
			name = "[CP] Copy Pods Resources";
			outputPaths = (
				"${TARGET_BUILD_DIR}/${UNLOCALIZED_RESOURCES_FOLDER_PATH}/IQKeyboardManager.bundle",
				"${TARGET_BUILD_DIR}/${UNLOCALIZED_RESOURCES_FOLDER_PATH}/MJRefresh.bundle",
				"${TARGET_BUILD_DIR}/${UNLOCALIZED_RESOURCES_FOLDER_PATH}/WMPlayer.bundle",
			);
			runOnlyForDeploymentPostprocessing = 0;
			shellPath = /bin/sh;
			shellScript = "\"${SRCROOT}/Pods/Target Support Files/Pods-MXSecond/Pods-MXSecond-resources.sh\"\n";
			showEnvVarsInLog = 0;
		};
/* End PBXShellScriptBuildPhase section */

/* Begin PBXSourcesBuildPhase section */
		081BD8E31F5CE206006C16E2 /* Sources */ = {
			isa = PBXSourcesBuildPhase;
			buildActionMask = 2147483647;
			files = (
				3DBB934120FD9EC400BFBC14 /* XFFinishedViewController.m in Sources */,
				088C19A620FC9C9F00F4640F /* User.m in Sources */,
				3D4E74CF20F72EA50058EC22 /* XFVideoViewController.m in Sources */,
				0887236D20F6FADA00C8BA5D /* UICollectionView+NoList.m in Sources */,
				3D4E74C320F71C200058EC22 /* XFMatchViewController.m in Sources */,
				3DBB933E20FD9EB900BFBC14 /* XFNowViewController.m in Sources */,
				3DBB932E20FD9DFE00BFBC14 /* XFBattleModel.m in Sources */,
				3DBB932B20FD9DFE00BFBC14 /* XFMatchListModel.m in Sources */,
				3D4E74B520F71B3A0058EC22 /* XFNewSViewController.m in Sources */,
				0887236C20F6FADA00C8BA5D /* JJRefreshTabView.m in Sources */,
				3DBB933020FD9DFE00BFBC14 /* XFVSEventModel.m in Sources */,
				3D4E74DE20F72ED80058EC22 /* XFOssianViewController.m in Sources */,
				0887239D20F75C3600C8BA5D /* LJMatchRecordModel.m in Sources */,
				088C199820FC971700F4640F /* InputViewController.m in Sources */,
				08B121C520F85A5C006478B1 /* SuccessData.m in Sources */,
				3DBB933220FD9DFE00BFBC14 /* XFMatchInfoCell.m in Sources */,
				3DBB933320FD9DFE00BFBC14 /* XFMacthListCell.m in Sources */,
				08CB0BFD1F6FC2AC008D6D96 /* UIView+Extension.m in Sources */,
				08B1220720F8AC12006478B1 /* LSLJSuccessData.m in Sources */,
				08B121C920F89B16006478B1 /* WKViewController.m in Sources */,
				08B121FC20F8A8A9006478B1 /* ResetPasswdViewController.m in Sources */,
				0887239520F72FEE00C8BA5D /* LJMatchScoreModel.m in Sources */,
				3DBB926A20FC827500BFBC14 /* XFNewDetailViewController.m in Sources */,
				0887235920F6FAD400C8BA5D /* BannerScrollView.m in Sources */,
				088C19AA20FC9C9F00F4640F /* AccountCell.m in Sources */,
				088C19AC20FC9C9F00F4640F /* MyCell.m in Sources */,
				0887235A20F6FAD400C8BA5D /* JJPageControlView.m in Sources */,
				0887239920F742F700C8BA5D /* LJMatchGoalCell.m in Sources */,
				080889F51F666A3900B98E1E /* BaseNavigationController.m in Sources */,
				080889FE1F666A8A00B98E1E /* BaseViewModel.m in Sources */,
				0887234F20F6F41900C8BA5D /* WebManager.m in Sources */,
				088C199520FC970F00F4640F /* AccountViewController.m in Sources */,
				3DBB934720FDC5B700BFBC14 /* XFTableViewCell.m in Sources */,
				08B121FF20F8A8A9006478B1 /* LoginModel.m in Sources */,
				3D4E74D420F72EB70058EC22 /* XFPhotosViewController.m in Sources */,
				0887236920F6FADA00C8BA5D /* UITableView+HD_NoList.m in Sources */,
				08B1220420F8A9DD006478B1 /* NSString+MD5.m in Sources */,
				088C19B820FD9B7D00F4640F /* UIImage+Category.m in Sources */,
				088723A620F75CE100C8BA5D /* LJMatchAssistModel.m in Sources */,
				088723A320F75CC400C8BA5D /* LJMatchGoalModel.m in Sources */,
				080889FD1F666A8A00B98E1E /* BaseViewController.m in Sources */,
				08B121FB20F8A8A9006478B1 /* RegisterViewController.m in Sources */,
				3DBB932D20FD9DFE00BFBC14 /* XFMatchInfoModel.m in Sources */,
				08B1220120F8A8A9006478B1 /* CountDownButton.m in Sources */,
				3DBB933B20FD9E7300BFBC14 /* XFLikeViewController.m in Sources */,
				081BD8EF1F5CE206006C16E2 /* AppDelegate.m in Sources */,
				080889FC1F666A8A00B98E1E /* BaseTabbarController.m in Sources */,
				3D4E74EF20F878290058EC22 /* XFNewsModel.m in Sources */,
				3D4E74CA20F72E970058EC22 /* XFFastNewViewController.m in Sources */,
				3D4E74C620F71C360058EC22 /* XFMyViewController.m in Sources */,
				3DBB933720FD9E4000BFBC14 /* XFMatchListViewController.m in Sources */,
				3DBB934420FD9ECC00BFBC14 /* XFMiddleViewController.m in Sources */,
				081BD8EC1F5CE206006C16E2 /* main.m in Sources */,
				3D4E74EB20F870800058EC22 /* XFPhotoCollectionViewCell.m in Sources */,
				3DBB932720FD9DFE00BFBC14 /* XFMatchInfoViewController.m in Sources */,
				088C19B520FD9A1100F4640F /* GuideView.m in Sources */,
				0887239020F72F7300C8BA5D /* LJMatchRecordCell.m in Sources */,
				0887238520F72E1000C8BA5D /* LJMatchListViewController.m in Sources */,
				3D4E74B020F706B00058EC22 /* XFHomeViewController.m in Sources */,
				0887236F20F6FADA00C8BA5D /* LLRefreshCollectionView.m in Sources */,
				3DBB932C20FD9DFE00BFBC14 /* XFScoreModel.m in Sources */,
				088723AA20F75D7300C8BA5D /* LJMatchAssistCell.m in Sources */,
				088C19A920FC9C9F00F4640F /* MyHeaderCell.m in Sources */,
				08CB0BFC1F6FC2AC008D6D96 /* LJUtil.m in Sources */,
				3DBB932F20FD9DFE00BFBC14 /* XFMatchRateModel.m in Sources */,
				08B1220020F8A8A9006478B1 /* JProtocol.m in Sources */,
				3D4E74E620F742B30058EC22 /* XFBaseViewCell.m in Sources */,
				08B121FA20F8A8A9006478B1 /* LoginViewController.m in Sources */,
				0887237320F6FADF00C8BA5D /* SliderNavBar.m in Sources */,
				3D4E74D920F72EC70058EC22 /* XFWallPageViewController.m in Sources */,
				088C199020FC96C200F4640F /* PersonDataManager.m in Sources */,
				0887238B20F72F5800C8BA5D /* LJMatchScoreCell.m in Sources */,
			);
			runOnlyForDeploymentPostprocessing = 0;
		};
		081BD8F61F5CE206006C16E2 /* Sources */ = {
			isa = PBXSourcesBuildPhase;
			buildActionMask = 2147483647;
			files = (
				081BD8FF1F5CE206006C16E2 /* MXSecondTests.m in Sources */,
			);
			runOnlyForDeploymentPostprocessing = 0;
		};
		081BD9011F5CE206006C16E2 /* Sources */ = {
			isa = PBXSourcesBuildPhase;
			buildActionMask = 2147483647;
			files = (
				081BD90A1F5CE206006C16E2 /* MXSecondUITests.m in Sources */,
			);
			runOnlyForDeploymentPostprocessing = 0;
		};
/* End PBXSourcesBuildPhase section */

/* Begin PBXTargetDependency section */
		081BD8FC1F5CE206006C16E2 /* PBXTargetDependency */ = {
			isa = PBXTargetDependency;
			target = 081BD8E61F5CE206006C16E2 /* MXSecond */;
			targetProxy = 081BD8FB1F5CE206006C16E2 /* PBXContainerItemProxy */;
		};
		081BD9071F5CE206006C16E2 /* PBXTargetDependency */ = {
			isa = PBXTargetDependency;
			target = 081BD8E61F5CE206006C16E2 /* MXSecond */;
			targetProxy = 081BD9061F5CE206006C16E2 /* PBXContainerItemProxy */;
		};
/* End PBXTargetDependency section */

/* Begin PBXVariantGroup section */
		081BD8F21F5CE206006C16E2 /* LaunchScreen.storyboard */ = {
			isa = PBXVariantGroup;
			children = (
				081BD8F31F5CE206006C16E2 /* Base */,
				08088A031F666AFA00B98E1E /* zh-Hans */,
			);
			name = LaunchScreen.storyboard;
			sourceTree = "<group>";
		};
/* End PBXVariantGroup section */

/* Begin XCBuildConfiguration section */
		081BD90C1F5CE206006C16E2 /* Debug */ = {
			isa = XCBuildConfiguration;
			buildSettings = {
				ALWAYS_SEARCH_USER_PATHS = NO;
				CLANG_ANALYZER_LOCALIZABILITY_NONLOCALIZED = YES;
				CLANG_ANALYZER_NONNULL = YES;
				CLANG_ANALYZER_NUMBER_OBJECT_CONVERSION = YES_AGGRESSIVE;
				CLANG_CXX_LANGUAGE_STANDARD = "gnu++0x";
				CLANG_CXX_LIBRARY = "libc++";
				CLANG_ENABLE_MODULES = YES;
				CLANG_ENABLE_OBJC_ARC = YES;
				CLANG_WARN_BLOCK_CAPTURE_AUTORELEASING = YES;
				CLANG_WARN_BOOL_CONVERSION = YES;
				CLANG_WARN_COMMA = YES;
				CLANG_WARN_CONSTANT_CONVERSION = YES;
				CLANG_WARN_DIRECT_OBJC_ISA_USAGE = YES_ERROR;
				CLANG_WARN_DOCUMENTATION_COMMENTS = YES;
				CLANG_WARN_EMPTY_BODY = YES;
				CLANG_WARN_ENUM_CONVERSION = YES;
				CLANG_WARN_INFINITE_RECURSION = YES;
				CLANG_WARN_INT_CONVERSION = YES;
				CLANG_WARN_NON_LITERAL_NULL_CONVERSION = YES;
				CLANG_WARN_OBJC_LITERAL_CONVERSION = YES;
				CLANG_WARN_OBJC_ROOT_CLASS = YES_ERROR;
				CLANG_WARN_RANGE_LOOP_ANALYSIS = YES;
				CLANG_WARN_STRICT_PROTOTYPES = YES;
				CLANG_WARN_SUSPICIOUS_MOVE = YES;
				CLANG_WARN_UNREACHABLE_CODE = YES;
				CLANG_WARN__DUPLICATE_METHOD_MATCH = YES;
				"CODE_SIGN_IDENTITY[sdk=iphoneos*]" = "iPhone Developer";
				COPY_PHASE_STRIP = NO;
				DEBUG_INFORMATION_FORMAT = dwarf;
				ENABLE_STRICT_OBJC_MSGSEND = YES;
				ENABLE_TESTABILITY = YES;
				GCC_C_LANGUAGE_STANDARD = gnu99;
				GCC_DYNAMIC_NO_PIC = NO;
				GCC_NO_COMMON_BLOCKS = YES;
				GCC_OPTIMIZATION_LEVEL = 0;
				GCC_PREPROCESSOR_DEFINITIONS = (
					"DEBUG=1",
					"$(inherited)",
				);
				GCC_WARN_64_TO_32_BIT_CONVERSION = YES;
				GCC_WARN_ABOUT_RETURN_TYPE = YES_ERROR;
				GCC_WARN_UNDECLARED_SELECTOR = YES;
				GCC_WARN_UNINITIALIZED_AUTOS = YES_AGGRESSIVE;
				GCC_WARN_UNUSED_FUNCTION = YES;
				GCC_WARN_UNUSED_VARIABLE = YES;
				IPHONEOS_DEPLOYMENT_TARGET = 9.0;
				MTL_ENABLE_DEBUG_INFO = YES;
				ONLY_ACTIVE_ARCH = YES;
				SDKROOT = iphoneos;
				TARGETED_DEVICE_FAMILY = "1,2";
			};
			name = Debug;
		};
		081BD90D1F5CE206006C16E2 /* Release */ = {
			isa = XCBuildConfiguration;
			buildSettings = {
				ALWAYS_SEARCH_USER_PATHS = NO;
				CLANG_ANALYZER_LOCALIZABILITY_NONLOCALIZED = YES;
				CLANG_ANALYZER_NONNULL = YES;
				CLANG_ANALYZER_NUMBER_OBJECT_CONVERSION = YES_AGGRESSIVE;
				CLANG_CXX_LANGUAGE_STANDARD = "gnu++0x";
				CLANG_CXX_LIBRARY = "libc++";
				CLANG_ENABLE_MODULES = YES;
				CLANG_ENABLE_OBJC_ARC = YES;
				CLANG_WARN_BLOCK_CAPTURE_AUTORELEASING = YES;
				CLANG_WARN_BOOL_CONVERSION = YES;
				CLANG_WARN_COMMA = YES;
				CLANG_WARN_CONSTANT_CONVERSION = YES;
				CLANG_WARN_DIRECT_OBJC_ISA_USAGE = YES_ERROR;
				CLANG_WARN_DOCUMENTATION_COMMENTS = YES;
				CLANG_WARN_EMPTY_BODY = YES;
				CLANG_WARN_ENUM_CONVERSION = YES;
				CLANG_WARN_INFINITE_RECURSION = YES;
				CLANG_WARN_INT_CONVERSION = YES;
				CLANG_WARN_NON_LITERAL_NULL_CONVERSION = YES;
				CLANG_WARN_OBJC_LITERAL_CONVERSION = YES;
				CLANG_WARN_OBJC_ROOT_CLASS = YES_ERROR;
				CLANG_WARN_RANGE_LOOP_ANALYSIS = YES;
				CLANG_WARN_STRICT_PROTOTYPES = YES;
				CLANG_WARN_SUSPICIOUS_MOVE = YES;
				CLANG_WARN_UNREACHABLE_CODE = YES;
				CLANG_WARN__DUPLICATE_METHOD_MATCH = YES;
				"CODE_SIGN_IDENTITY[sdk=iphoneos*]" = "iPhone Developer";
				COPY_PHASE_STRIP = NO;
				DEBUG_INFORMATION_FORMAT = "dwarf-with-dsym";
				ENABLE_NS_ASSERTIONS = NO;
				ENABLE_STRICT_OBJC_MSGSEND = YES;
				GCC_C_LANGUAGE_STANDARD = gnu99;
				GCC_NO_COMMON_BLOCKS = YES;
				GCC_WARN_64_TO_32_BIT_CONVERSION = YES;
				GCC_WARN_ABOUT_RETURN_TYPE = YES_ERROR;
				GCC_WARN_UNDECLARED_SELECTOR = YES;
				GCC_WARN_UNINITIALIZED_AUTOS = YES_AGGRESSIVE;
				GCC_WARN_UNUSED_FUNCTION = YES;
				GCC_WARN_UNUSED_VARIABLE = YES;
				IPHONEOS_DEPLOYMENT_TARGET = 9.0;
				MTL_ENABLE_DEBUG_INFO = NO;
				SDKROOT = iphoneos;
				TARGETED_DEVICE_FAMILY = "1,2";
				VALIDATE_PRODUCT = YES;
			};
			name = Release;
		};
		081BD90F1F5CE206006C16E2 /* Debug */ = {
			isa = XCBuildConfiguration;
			baseConfigurationReference = 9F6FB35BE4C939AF883BD3F2 /* Pods-MXSecond.debug.xcconfig */;
			buildSettings = {
				ASSETCATALOG_COMPILER_APPICON_NAME = AppIcon;
				CODE_SIGN_STYLE = Manual;
				DEVELOPMENT_TEAM = SE8CSBM56B;
				GCC_PREFIX_HEADER = "$(SRCROOT)/MXSecond/Other/PrefixHeader.pch";
				INFOPLIST_FILE = MXSecond/Info.plist;
				IPHONEOS_DEPLOYMENT_TARGET = 9.3;
				LD_RUNPATH_SEARCH_PATHS = "$(inherited) @executable_path/Frameworks";
				LIBRARY_SEARCH_PATHS = (
					"$(inherited)",
					"$(PROJECT_DIR)/MXSecond/WechatSDK1.8.2",
				);
				PRODUCT_BUNDLE_IDENTIFIER = com.ljie.app;
				PRODUCT_NAME = "$(TARGET_NAME)";
				PROVISIONING_PROFILE = "677a8bf0-4df9-45c0-8a56-be9985862ac0";
				PROVISIONING_PROFILE_SPECIFIER = LiJie;
			};
			name = Debug;
		};
		081BD9101F5CE206006C16E2 /* Release */ = {
			isa = XCBuildConfiguration;
			baseConfigurationReference = BCA426380525A5265A1C7FB7 /* Pods-MXSecond.release.xcconfig */;
			buildSettings = {
				ASSETCATALOG_COMPILER_APPICON_NAME = AppIcon;
				CODE_SIGN_STYLE = Manual;
				DEVELOPMENT_TEAM = SE8CSBM56B;
				GCC_PREFIX_HEADER = "$(SRCROOT)/MXSecond/Other/PrefixHeader.pch";
				INFOPLIST_FILE = MXSecond/Info.plist;
				IPHONEOS_DEPLOYMENT_TARGET = 9.3;
				LD_RUNPATH_SEARCH_PATHS = "$(inherited) @executable_path/Frameworks";
				LIBRARY_SEARCH_PATHS = (
					"$(inherited)",
					"$(PROJECT_DIR)/MXSecond/WechatSDK1.8.2",
				);
				PRODUCT_BUNDLE_IDENTIFIER = com.ljie.app;
				PRODUCT_NAME = "$(TARGET_NAME)";
				PROVISIONING_PROFILE = "677a8bf0-4df9-45c0-8a56-be9985862ac0";
				PROVISIONING_PROFILE_SPECIFIER = LiJie;
			};
			name = Release;
		};
		081BD9121F5CE206006C16E2 /* Debug */ = {
			isa = XCBuildConfiguration;
			buildSettings = {
				BUNDLE_LOADER = "$(TEST_HOST)";
				DEVELOPMENT_TEAM = 46SHPCVLTF;
				INFOPLIST_FILE = MXSecondTests/Info.plist;
				LD_RUNPATH_SEARCH_PATHS = "$(inherited) @executable_path/Frameworks @loader_path/Frameworks";
				PRODUCT_BUNDLE_IDENTIFIER = ljie.MXSecondTests;
				PRODUCT_NAME = "$(TARGET_NAME)";
				TEST_HOST = "$(BUILT_PRODUCTS_DIR)/MXSecond.app/MXSecond";
			};
			name = Debug;
		};
		081BD9131F5CE206006C16E2 /* Release */ = {
			isa = XCBuildConfiguration;
			buildSettings = {
				BUNDLE_LOADER = "$(TEST_HOST)";
				DEVELOPMENT_TEAM = 46SHPCVLTF;
				INFOPLIST_FILE = MXSecondTests/Info.plist;
				LD_RUNPATH_SEARCH_PATHS = "$(inherited) @executable_path/Frameworks @loader_path/Frameworks";
				PRODUCT_BUNDLE_IDENTIFIER = ljie.MXSecondTests;
				PRODUCT_NAME = "$(TARGET_NAME)";
				TEST_HOST = "$(BUILT_PRODUCTS_DIR)/MXSecond.app/MXSecond";
			};
			name = Release;
		};
		081BD9151F5CE206006C16E2 /* Debug */ = {
			isa = XCBuildConfiguration;
			buildSettings = {
				DEVELOPMENT_TEAM = 46SHPCVLTF;
				INFOPLIST_FILE = MXSecondUITests/Info.plist;
				LD_RUNPATH_SEARCH_PATHS = "$(inherited) @executable_path/Frameworks @loader_path/Frameworks";
				PRODUCT_BUNDLE_IDENTIFIER = ljie.MXSecondUITests;
				PRODUCT_NAME = "$(TARGET_NAME)";
				TEST_TARGET_NAME = MXSecond;
			};
			name = Debug;
		};
		081BD9161F5CE206006C16E2 /* Release */ = {
			isa = XCBuildConfiguration;
			buildSettings = {
				DEVELOPMENT_TEAM = 46SHPCVLTF;
				INFOPLIST_FILE = MXSecondUITests/Info.plist;
				LD_RUNPATH_SEARCH_PATHS = "$(inherited) @executable_path/Frameworks @loader_path/Frameworks";
				PRODUCT_BUNDLE_IDENTIFIER = ljie.MXSecondUITests;
				PRODUCT_NAME = "$(TARGET_NAME)";
				TEST_TARGET_NAME = MXSecond;
			};
			name = Release;
		};
/* End XCBuildConfiguration section */

/* Begin XCConfigurationList section */
		081BD8E21F5CE206006C16E2 /* Build configuration list for PBXProject "MXSecond" */ = {
			isa = XCConfigurationList;
			buildConfigurations = (
				081BD90C1F5CE206006C16E2 /* Debug */,
				081BD90D1F5CE206006C16E2 /* Release */,
			);
			defaultConfigurationIsVisible = 0;
			defaultConfigurationName = Release;
		};
		081BD90E1F5CE206006C16E2 /* Build configuration list for PBXNativeTarget "MXSecond" */ = {
			isa = XCConfigurationList;
			buildConfigurations = (
				081BD90F1F5CE206006C16E2 /* Debug */,
				081BD9101F5CE206006C16E2 /* Release */,
			);
			defaultConfigurationIsVisible = 0;
			defaultConfigurationName = Release;
		};
		081BD9111F5CE206006C16E2 /* Build configuration list for PBXNativeTarget "MXSecondTests" */ = {
			isa = XCConfigurationList;
			buildConfigurations = (
				081BD9121F5CE206006C16E2 /* Debug */,
				081BD9131F5CE206006C16E2 /* Release */,
			);
			defaultConfigurationIsVisible = 0;
			defaultConfigurationName = Release;
		};
		081BD9141F5CE206006C16E2 /* Build configuration list for PBXNativeTarget "MXSecondUITests" */ = {
			isa = XCConfigurationList;
			buildConfigurations = (
				081BD9151F5CE206006C16E2 /* Debug */,
				081BD9161F5CE206006C16E2 /* Release */,
			);
			defaultConfigurationIsVisible = 0;
			defaultConfigurationName = Release;
		};
/* End XCConfigurationList section */
	};
	rootObject = 081BD8DF1F5CE206006C16E2 /* Project object */;
}
